// !$*UTF8*$!
{
	archiveVersion = 1;
	classes = {
	};
	objectVersion = 46;
	objects = {

/* Begin PBXBuildFile section */
		E11702FC1650F82A00D82F4A /* SystemConfiguration.framework in Frameworks */ = {isa = PBXBuildFile; fileRef = E11702FB1650F82A00D82F4A /* SystemConfiguration.framework */; };
		E11702FE1650F83F00D82F4A /* MobileCoreServices.framework in Frameworks */ = {isa = PBXBuildFile; fileRef = E11702FD1650F83F00D82F4A /* MobileCoreServices.framework */; };
		E1170316165156A400D82F4A /* icon@2x.png in Resources */ = {isa = PBXBuildFile; fileRef = E1170315165156A400D82F4A /* icon@2x.png */; };
		E1170318165156BE00D82F4A /* icon.png in Resources */ = {isa = PBXBuildFile; fileRef = E1170317165156BE00D82F4A /* icon.png */; };
		E11703711651EF4800D82F4A /* WTTabBarBg.png in Resources */ = {isa = PBXBuildFile; fileRef = E117035B1651EF4700D82F4A /* WTTabBarBg.png */; };
		E11703721651EF4800D82F4A /* WTTabBarBg@2x.png in Resources */ = {isa = PBXBuildFile; fileRef = E117035C1651EF4700D82F4A /* WTTabBarBg@2x.png */; };
		E11703731651EF4800D82F4A /* WTTabBarButtonBillBoard.png in Resources */ = {isa = PBXBuildFile; fileRef = E117035D1651EF4700D82F4A /* WTTabBarButtonBillBoard.png */; };
		E11703741651EF4800D82F4A /* WTTabBarButtonBillBoard@2x.png in Resources */ = {isa = PBXBuildFile; fileRef = E117035E1651EF4700D82F4A /* WTTabBarButtonBillBoard@2x.png */; };
		E11703751651EF4800D82F4A /* WTTabBarButtonBillBoardHl.png in Resources */ = {isa = PBXBuildFile; fileRef = E117035F1651EF4700D82F4A /* WTTabBarButtonBillBoardHl.png */; };
		E11703761651EF4800D82F4A /* WTTabBarButtonBillBoardHl@2x.png in Resources */ = {isa = PBXBuildFile; fileRef = E11703601651EF4700D82F4A /* WTTabBarButtonBillBoardHl@2x.png */; };
		E11703771651EF4800D82F4A /* WTTabBarButtonHome.png in Resources */ = {isa = PBXBuildFile; fileRef = E11703611651EF4700D82F4A /* WTTabBarButtonHome.png */; };
		E11703781651EF4800D82F4A /* WTTabBarButtonHome@2x.png in Resources */ = {isa = PBXBuildFile; fileRef = E11703621651EF4700D82F4A /* WTTabBarButtonHome@2x.png */; };
		E11703791651EF4800D82F4A /* WTTabBarButtonHomeHl.png in Resources */ = {isa = PBXBuildFile; fileRef = E11703631651EF4700D82F4A /* WTTabBarButtonHomeHl.png */; };
		E117037A1651EF4800D82F4A /* WTTabBarButtonHomeHl@2x.png in Resources */ = {isa = PBXBuildFile; fileRef = E11703641651EF4700D82F4A /* WTTabBarButtonHomeHl@2x.png */; };
		E117037B1651EF4800D82F4A /* WTTabBarButtonMe.png in Resources */ = {isa = PBXBuildFile; fileRef = E11703651651EF4700D82F4A /* WTTabBarButtonMe.png */; };
		E117037C1651EF4800D82F4A /* WTTabBarButtonMe@2x.png in Resources */ = {isa = PBXBuildFile; fileRef = E11703661651EF4700D82F4A /* WTTabBarButtonMe@2x.png */; };
		E117037D1651EF4800D82F4A /* WTTabBarButtonMeHl.png in Resources */ = {isa = PBXBuildFile; fileRef = E11703671651EF4700D82F4A /* WTTabBarButtonMeHl.png */; };
		E117037E1651EF4800D82F4A /* WTTabBarButtonMeHl@2x.png in Resources */ = {isa = PBXBuildFile; fileRef = E11703681651EF4700D82F4A /* WTTabBarButtonMeHl@2x.png */; };
		E117037F1651EF4800D82F4A /* WTTabBarButtonNow.png in Resources */ = {isa = PBXBuildFile; fileRef = E11703691651EF4700D82F4A /* WTTabBarButtonNow.png */; };
		E11703801651EF4800D82F4A /* WTTabBarButtonNow@2x.png in Resources */ = {isa = PBXBuildFile; fileRef = E117036A1651EF4700D82F4A /* WTTabBarButtonNow@2x.png */; };
		E11703811651EF4800D82F4A /* WTTabBarButtonNowHl.png in Resources */ = {isa = PBXBuildFile; fileRef = E117036B1651EF4700D82F4A /* WTTabBarButtonNowHl.png */; };
		E11703821651EF4800D82F4A /* WTTabBarButtonNowHl@2x.png in Resources */ = {isa = PBXBuildFile; fileRef = E117036C1651EF4700D82F4A /* WTTabBarButtonNowHl@2x.png */; };
		E11703831651EF4800D82F4A /* WTTabBarButtonPowerSearch.png in Resources */ = {isa = PBXBuildFile; fileRef = E117036D1651EF4700D82F4A /* WTTabBarButtonPowerSearch.png */; };
		E11703841651EF4800D82F4A /* WTTabBarButtonPowerSearch@2x.png in Resources */ = {isa = PBXBuildFile; fileRef = E117036E1651EF4700D82F4A /* WTTabBarButtonPowerSearch@2x.png */; };
		E11703851651EF4800D82F4A /* WTTabBarButtonPowerSearchHl.png in Resources */ = {isa = PBXBuildFile; fileRef = E117036F1651EF4700D82F4A /* WTTabBarButtonPowerSearchHl.png */; };
		E11703861651EF4800D82F4A /* WTTabBarButtonPowerSearchHl@2x.png in Resources */ = {isa = PBXBuildFile; fileRef = E11703701651EF4700D82F4A /* WTTabBarButtonPowerSearchHl@2x.png */; };
		E11703991651F35B00D82F4A /* MainWindow.xib in Resources */ = {isa = PBXBuildFile; fileRef = E11703981651F35A00D82F4A /* MainWindow.xib */; };
		E125549416491530006D42F5 /* UIKit.framework in Frameworks */ = {isa = PBXBuildFile; fileRef = E125549316491530006D42F5 /* UIKit.framework */; };
		E125549616491530006D42F5 /* Foundation.framework in Frameworks */ = {isa = PBXBuildFile; fileRef = E125549516491530006D42F5 /* Foundation.framework */; };
		E125549816491530006D42F5 /* CoreGraphics.framework in Frameworks */ = {isa = PBXBuildFile; fileRef = E125549716491530006D42F5 /* CoreGraphics.framework */; };
		E125549E16491530006D42F5 /* InfoPlist.strings in Resources */ = {isa = PBXBuildFile; fileRef = E125549C16491530006D42F5 /* InfoPlist.strings */; };
		E12554A016491530006D42F5 /* main.m in Sources */ = {isa = PBXBuildFile; fileRef = E125549F16491530006D42F5 /* main.m */; };
		E12554A416491530006D42F5 /* WTAppDelegate.m in Sources */ = {isa = PBXBuildFile; fileRef = E12554A316491530006D42F5 /* WTAppDelegate.m */; };
		E12554A616491530006D42F5 /* Default.png in Resources */ = {isa = PBXBuildFile; fileRef = E12554A516491530006D42F5 /* Default.png */; };
		E12554A816491530006D42F5 /* Default@2x.png in Resources */ = {isa = PBXBuildFile; fileRef = E12554A716491530006D42F5 /* Default@2x.png */; };
		E12554AA16491530006D42F5 /* Default-568h@2x.png in Resources */ = {isa = PBXBuildFile; fileRef = E12554A916491530006D42F5 /* Default-568h@2x.png */; };
		E12554C616491532006D42F5 /* SenTestingKit.framework in Frameworks */ = {isa = PBXBuildFile; fileRef = E12554C516491531006D42F5 /* SenTestingKit.framework */; };
		E12554C716491532006D42F5 /* UIKit.framework in Frameworks */ = {isa = PBXBuildFile; fileRef = E125549316491530006D42F5 /* UIKit.framework */; };
		E12554C816491532006D42F5 /* Foundation.framework in Frameworks */ = {isa = PBXBuildFile; fileRef = E125549516491530006D42F5 /* Foundation.framework */; };
		E12554D016491532006D42F5 /* InfoPlist.strings in Resources */ = {isa = PBXBuildFile; fileRef = E12554CE16491532006D42F5 /* InfoPlist.strings */; };
		E12554D316491532006D42F5 /* WeTongjiTests.m in Sources */ = {isa = PBXBuildFile; fileRef = E12554D216491532006D42F5 /* WeTongjiTests.m */; };
		E14FA6781680A9F3008A8D33 /* WTFocusButton.png in Resources */ = {isa = PBXBuildFile; fileRef = E14FA6741680A9F2008A8D33 /* WTFocusButton.png */; };
		E14FA6791680A9F3008A8D33 /* WTSelectButton.png in Resources */ = {isa = PBXBuildFile; fileRef = E14FA6751680A9F3008A8D33 /* WTSelectButton.png */; };
		E14FA67A1680A9F3008A8D33 /* WTSelectButton@2x.png in Resources */ = {isa = PBXBuildFile; fileRef = E14FA6761680A9F3008A8D33 /* WTSelectButton@2x.png */; };
		E14FA67B1680A9F3008A8D33 /* WTFocusButton@2x.png in Resources */ = {isa = PBXBuildFile; fileRef = E14FA6771680A9F3008A8D33 /* WTFocusButton@2x.png */; };
		E14FA6801680B9DE008A8D33 /* WTNotificationBarButton.m in Sources */ = {isa = PBXBuildFile; fileRef = E14FA67F1680B9DE008A8D33 /* WTNotificationBarButton.m */; };
		E14FA6871680BBDD008A8D33 /* WTNotificationNormalButton.png in Resources */ = {isa = PBXBuildFile; fileRef = E14FA6811680BBDD008A8D33 /* WTNotificationNormalButton.png */; };
		E14FA6881680BBDD008A8D33 /* WTNotificationNormalButton@2x.png in Resources */ = {isa = PBXBuildFile; fileRef = E14FA6821680BBDD008A8D33 /* WTNotificationNormalButton@2x.png */; };
		E14FA6891680BBDD008A8D33 /* WTNotificationShineButton@2x.png in Resources */ = {isa = PBXBuildFile; fileRef = E14FA6831680BBDD008A8D33 /* WTNotificationShineButton@2x.png */; };
		E14FA68A1680BBDD008A8D33 /* WTNotificationShineButton.png in Resources */ = {isa = PBXBuildFile; fileRef = E14FA6841680BBDD008A8D33 /* WTNotificationShineButton.png */; };
		E14FA68B1680BBDD008A8D33 /* WTNotificationSelectButton@2x.png in Resources */ = {isa = PBXBuildFile; fileRef = E14FA6851680BBDD008A8D33 /* WTNotificationSelectButton@2x.png */; };
		E14FA68C1680BBDD008A8D33 /* WTNotificationSelectButton.png in Resources */ = {isa = PBXBuildFile; fileRef = E14FA6861680BBDD008A8D33 /* WTNotificationSelectButton.png */; };
		E14FA68F1680C546008A8D33 /* WTNotificationRing.png in Resources */ = {isa = PBXBuildFile; fileRef = E14FA68D1680C546008A8D33 /* WTNotificationRing.png */; };
		E14FA6901680C546008A8D33 /* WTNotificationRing@2x.png in Resources */ = {isa = PBXBuildFile; fileRef = E14FA68E1680C546008A8D33 /* WTNotificationRing@2x.png */; };
		E14FA6991680DEDB008A8D33 /* WTNotificationModalViewController.m in Sources */ = {isa = PBXBuildFile; fileRef = E14FA6971680DEDB008A8D33 /* WTNotificationModalViewController.m */; };
		E14FA69A1680DEDB008A8D33 /* WTNotificationModalViewController.xib in Resources */ = {isa = PBXBuildFile; fileRef = E14FA6981680DEDB008A8D33 /* WTNotificationModalViewController.xib */; };
		E14FA69D1680DF63008A8D33 /* WTModalViewBg.png in Resources */ = {isa = PBXBuildFile; fileRef = E14FA69B1680DF62008A8D33 /* WTModalViewBg.png */; };
		E14FA69E1680DF63008A8D33 /* WTModalViewBg@2x.png in Resources */ = {isa = PBXBuildFile; fileRef = E14FA69C1680DF63008A8D33 /* WTModalViewBg@2x.png */; };
		E14FA6A11680E067008A8D33 /* UIImage+ScreenShoot.m in Sources */ = {isa = PBXBuildFile; fileRef = E14FA6A01680E067008A8D33 /* UIImage+ScreenShoot.m */; };
		E14FA6A91681EBC5008A8D33 /* WTEventDetailViewController.m in Sources */ = {isa = PBXBuildFile; fileRef = E14FA6A71681EBC2008A8D33 /* WTEventDetailViewController.m */; };
		E14FA6AA1681EBC5008A8D33 /* WTEventDetailViewController.xib in Resources */ = {isa = PBXBuildFile; fileRef = E14FA6A81681EBC3008A8D33 /* WTEventDetailViewController.xib */; };
		E14FA6AD1681EC23008A8D33 /* WTNavigationBarBackButton.png in Resources */ = {isa = PBXBuildFile; fileRef = E14FA6AB1681EC22008A8D33 /* WTNavigationBarBackButton.png */; };
		E14FA6AE1681EC23008A8D33 /* WTNavigationBarBackButton@2x.png in Resources */ = {isa = PBXBuildFile; fileRef = E14FA6AC1681EC23008A8D33 /* WTNavigationBarBackButton@2x.png */; };
		E14FA6B31681F7FC008A8D33 /* WTCommentButton.png in Resources */ = {isa = PBXBuildFile; fileRef = E14FA6AF1681F7FC008A8D33 /* WTCommentButton.png */; };
		E14FA6B41681F7FC008A8D33 /* WTMoreButton.png in Resources */ = {isa = PBXBuildFile; fileRef = E14FA6B01681F7FC008A8D33 /* WTMoreButton.png */; };
		E14FA6B51681F7FC008A8D33 /* WTCommentButton@2x.png in Resources */ = {isa = PBXBuildFile; fileRef = E14FA6B11681F7FC008A8D33 /* WTCommentButton@2x.png */; };
		E14FA6B61681F7FC008A8D33 /* WTMoreButton@2x.png in Resources */ = {isa = PBXBuildFile; fileRef = E14FA6B21681F7FC008A8D33 /* WTMoreButton@2x.png */; };
		E14FA6BF16820012008A8D33 /* WTLikeNormalButton.png in Resources */ = {isa = PBXBuildFile; fileRef = E14FA6BB16820010008A8D33 /* WTLikeNormalButton.png */; };
		E14FA6C016820012008A8D33 /* WTLikeSelectButton.png in Resources */ = {isa = PBXBuildFile; fileRef = E14FA6BC16820010008A8D33 /* WTLikeSelectButton.png */; };
		E14FA6C116820012008A8D33 /* WTLikeNormalButton@2x.png in Resources */ = {isa = PBXBuildFile; fileRef = E14FA6BD16820011008A8D33 /* WTLikeNormalButton@2x.png */; };
		E14FA6C216820012008A8D33 /* WTLikeSelectButton@2x.png in Resources */ = {isa = PBXBuildFile; fileRef = E14FA6BE16820011008A8D33 /* WTLikeSelectButton@2x.png */; };
		E14FA6C516820287008A8D33 /* WTLikeButtonFlagBg.png in Resources */ = {isa = PBXBuildFile; fileRef = E14FA6C316820285008A8D33 /* WTLikeButtonFlagBg.png */; };
		E14FA6C616820287008A8D33 /* WTLikeButtonFlagBg@2x.png in Resources */ = {isa = PBXBuildFile; fileRef = E14FA6C416820286008A8D33 /* WTLikeButtonFlagBg@2x.png */; };
		E18821C51680059600A41F47 /* WTCornerBottomLeft.png in Resources */ = {isa = PBXBuildFile; fileRef = E18821BD1680059600A41F47 /* WTCornerBottomLeft.png */; };
		E18821C61680059600A41F47 /* WTCornerBottomLeft@2x.png in Resources */ = {isa = PBXBuildFile; fileRef = E18821BE1680059600A41F47 /* WTCornerBottomLeft@2x.png */; };
		E18821C71680059600A41F47 /* WTCornerBottomRight.png in Resources */ = {isa = PBXBuildFile; fileRef = E18821BF1680059600A41F47 /* WTCornerBottomRight.png */; };
		E18821C81680059600A41F47 /* WTCornerBottomRight@2x.png in Resources */ = {isa = PBXBuildFile; fileRef = E18821C01680059600A41F47 /* WTCornerBottomRight@2x.png */; };
		E18821C91680059600A41F47 /* WTCornerTopLeft.png in Resources */ = {isa = PBXBuildFile; fileRef = E18821C11680059600A41F47 /* WTCornerTopLeft.png */; };
		E18821CA1680059600A41F47 /* WTCornerTopLeft@2x.png in Resources */ = {isa = PBXBuildFile; fileRef = E18821C21680059600A41F47 /* WTCornerTopLeft@2x.png */; };
		E18821CB1680059600A41F47 /* WTCornerTopRight.png in Resources */ = {isa = PBXBuildFile; fileRef = E18821C31680059600A41F47 /* WTCornerTopRight.png */; };
		E18821CC1680059600A41F47 /* WTCornerTopRight@2x.png in Resources */ = {isa = PBXBuildFile; fileRef = E18821C41680059600A41F47 /* WTCornerTopRight@2x.png */; };
		E18821D1168007B800A41F47 /* UIView+Resize.m in Sources */ = {isa = PBXBuildFile; fileRef = E18821D0168007B800A41F47 /* UIView+Resize.m */; };
		E18821D816800BF200A41F47 /* WTTabBarController.m in Sources */ = {isa = PBXBuildFile; fileRef = E18821D716800BF200A41F47 /* WTTabBarController.m */; };
		E18821EA16800E9B00A41F47 /* WTNavigationController.m in Sources */ = {isa = PBXBuildFile; fileRef = E18821E916800E9B00A41F47 /* WTNavigationController.m */; };
		E18821ED16800EC300A41F47 /* WTHomeNavigationController.m in Sources */ = {isa = PBXBuildFile; fileRef = E18821EC16800EC300A41F47 /* WTHomeNavigationController.m */; };
		E18821F31680104700A41F47 /* WTNavigationBarBg.png in Resources */ = {isa = PBXBuildFile; fileRef = E18821EF1680104700A41F47 /* WTNavigationBarBg.png */; };
		E18821F41680104700A41F47 /* WTNavigationBarBg@2x.png in Resources */ = {isa = PBXBuildFile; fileRef = E18821F01680104700A41F47 /* WTNavigationBarBg@2x.png */; };
		E18821F51680104700A41F47 /* WTNavigationBarShadow.png in Resources */ = {isa = PBXBuildFile; fileRef = E18821F11680104700A41F47 /* WTNavigationBarShadow.png */; };
		E18821F61680104700A41F47 /* WTNavigationBarShadow@2x.png in Resources */ = {isa = PBXBuildFile; fileRef = E18821F21680104700A41F47 /* WTNavigationBarShadow@2x.png */; };
		E18821F9168013AF00A41F47 /* WTNavigationBarLogo.png in Resources */ = {isa = PBXBuildFile; fileRef = E18821F7168013AF00A41F47 /* WTNavigationBarLogo.png */; };
		E18821FA168013AF00A41F47 /* WTNavigationBarLogo@2x.png in Resources */ = {isa = PBXBuildFile; fileRef = E18821F8168013AF00A41F47 /* WTNavigationBarLogo@2x.png */; };
		E18821FE16801BF700A41F47 /* WTHomeViewController.m in Sources */ = {isa = PBXBuildFile; fileRef = E18821FC16801BF700A41F47 /* WTHomeViewController.m */; };
		E18821FF16801BF700A41F47 /* WTHomeViewController.xib in Resources */ = {isa = PBXBuildFile; fileRef = E18821FD16801BF700A41F47 /* WTHomeViewController.xib */; };
		E18822201680252A00A41F47 /* Localizable.strings in Resources */ = {isa = PBXBuildFile; fileRef = E188221E1680252A00A41F47 /* Localizable.strings */; };
		E1882226168025E600A41F47 /* WTLoginViewController.m in Sources */ = {isa = PBXBuildFile; fileRef = E1882224168025E600A41F47 /* WTLoginViewController.m */; };
		E1882227168025E600A41F47 /* WTLoginViewController.xib in Resources */ = {isa = PBXBuildFile; fileRef = E1882225168025E600A41F47 /* WTLoginViewController.xib */; };
		E188222A1680271A00A41F47 /* UIApplication+Addition.m in Sources */ = {isa = PBXBuildFile; fileRef = E18822291680271A00A41F47 /* UIApplication+Addition.m */; };
		E188222D1680288100A41F47 /* WTNormalButton.png in Resources */ = {isa = PBXBuildFile; fileRef = E188222B1680288100A41F47 /* WTNormalButton.png */; };
		E188222E1680288100A41F47 /* WTNormalButton@2x.png in Resources */ = {isa = PBXBuildFile; fileRef = E188222C1680288100A41F47 /* WTNormalButton@2x.png */; };
		E188223116802AD700A41F47 /* WTResourceFactory.m in Sources */ = {isa = PBXBuildFile; fileRef = E188223016802AD700A41F47 /* WTResourceFactory.m */; };
		E188223816803E1400A41F47 /* WTInfoPanelBg.png in Resources */ = {isa = PBXBuildFile; fileRef = E188223616803E1400A41F47 /* WTInfoPanelBg.png */; };
		E188223916803E1400A41F47 /* WTInfoPanelBg@2x.png in Resources */ = {isa = PBXBuildFile; fileRef = E188223716803E1400A41F47 /* WTInfoPanelBg@2x.png */; };
		E188223C1680461E00A41F47 /* WTInfoPanelDivier@2x.png in Resources */ = {isa = PBXBuildFile; fileRef = E188223A1680461D00A41F47 /* WTInfoPanelDivier@2x.png */; };
		E188223D1680461E00A41F47 /* WTInfoPanelDivier.png in Resources */ = {isa = PBXBuildFile; fileRef = E188223B1680461E00A41F47 /* WTInfoPanelDivier.png */; };
		E1AEA9891691AFBC007DFA4C /* WTTopShadow.png in Resources */ = {isa = PBXBuildFile; fileRef = E1AEA9871691AFBB007DFA4C /* WTTopShadow.png */; };
		E1AEA98A1691AFBC007DFA4C /* WTTopShadow@2x.png in Resources */ = {isa = PBXBuildFile; fileRef = E1AEA9881691AFBC007DFA4C /* WTTopShadow@2x.png */; };
		E1AEA98F1691B3BA007DFA4C /* WTLeftShadow.png in Resources */ = {isa = PBXBuildFile; fileRef = E1AEA98B1691B3BA007DFA4C /* WTLeftShadow.png */; };
		E1AEA9901691B3BA007DFA4C /* WTLeftShadow@2x.png in Resources */ = {isa = PBXBuildFile; fileRef = E1AEA98C1691B3BA007DFA4C /* WTLeftShadow@2x.png */; };
		E1AEA9911691B3BA007DFA4C /* WTRightShadow.png in Resources */ = {isa = PBXBuildFile; fileRef = E1AEA98D1691B3BA007DFA4C /* WTRightShadow.png */; };
		E1AEA9921691B3BA007DFA4C /* WTRightShadow@2x.png in Resources */ = {isa = PBXBuildFile; fileRef = E1AEA98E1691B3BA007DFA4C /* WTRightShadow@2x.png */; };
		E1B892821690F4B1009D901C /* WTRootBackgroundUnit.png in Resources */ = {isa = PBXBuildFile; fileRef = E1B892801690F4B1009D901C /* WTRootBackgroundUnit.png */; };
		E1B892831690F4B1009D901C /* WTRootBackgroundUnit@2x.png in Resources */ = {isa = PBXBuildFile; fileRef = E1B892811690F4B1009D901C /* WTRootBackgroundUnit@2x.png */; };
		E1B8928A16917D16009D901C /* WTTestBanner1.png in Resources */ = {isa = PBXBuildFile; fileRef = E1B8928916917D15009D901C /* WTTestBanner1.png */; };
		E1B89294169181CB009D901C /* WTBottomShadow.png in Resources */ = {isa = PBXBuildFile; fileRef = E1B89292169181CA009D901C /* WTBottomShadow.png */; };
		E1B89295169181CB009D901C /* WTBottomShadow@2x.png in Resources */ = {isa = PBXBuildFile; fileRef = E1B89293169181CA009D901C /* WTBottomShadow@2x.png */; };
		E1B89298169184E2009D901C /* WTTestBanner3.png in Resources */ = {isa = PBXBuildFile; fileRef = E1B89296169184E0009D901C /* WTTestBanner3.png */; };
		E1B89299169184E2009D901C /* WTTestBanner2.png in Resources */ = {isa = PBXBuildFile; fileRef = E1B89297169184E0009D901C /* WTTestBanner2.png */; };
		E1C033CC16691E75004738EF /* WTDistrictBuildingMap.plist in Resources */ = {isa = PBXBuildFile; fileRef = E1C033CB16691E75004738EF /* WTDistrictBuildingMap.plist */; };
		E1C033E116692590004738EF /* libxml2.dylib in Frameworks */ = {isa = PBXBuildFile; fileRef = E1C033E016692590004738EF /* libxml2.dylib */; };
		E1C53DD216523DCE0011C8A1 /* WTSearchViewController.m in Sources */ = {isa = PBXBuildFile; fileRef = E1C53DD016523DCE0011C8A1 /* WTSearchViewController.m */; };
		E1C53DD316523DCE0011C8A1 /* WTSearchViewController.xib in Resources */ = {isa = PBXBuildFile; fileRef = E1C53DD116523DCE0011C8A1 /* WTSearchViewController.xib */; };
		E1D3737B1691D0370012E30A /* WTPanelMoreHighlightButton@2x.png in Resources */ = {isa = PBXBuildFile; fileRef = E1D373791691D0370012E30A /* WTPanelMoreHighlightButton@2x.png */; };
		E1D3737C1691D0370012E30A /* WTPanelMoreHighlightButton.png in Resources */ = {isa = PBXBuildFile; fileRef = E1D3737A1691D0370012E30A /* WTPanelMoreHighlightButton.png */; };
		E1D3737F1691D09C0012E30A /* WTPanelMoreNormalButton.png in Resources */ = {isa = PBXBuildFile; fileRef = E1D3737D1691D09C0012E30A /* WTPanelMoreNormalButton.png */; };
		E1D373801691D09C0012E30A /* WTPanelMoreNormalButton@2x.png in Resources */ = {isa = PBXBuildFile; fileRef = E1D3737E1691D09C0012E30A /* WTPanelMoreNormalButton@2x.png */; };
		E1D373911692ECE10012E30A /* WTBannerView.m in Sources */ = {isa = PBXBuildFile; fileRef = E1D373901692ECE10012E30A /* WTBannerView.m */; };
		E1D373931692ED2C0012E30A /* WTBannerView.xib in Resources */ = {isa = PBXBuildFile; fileRef = E1D373921692ED2C0012E30A /* WTBannerView.xib */; };
		E1D373981692F4EE0012E30A /* WTPanelHighlightButton.png in Resources */ = {isa = PBXBuildFile; fileRef = E1D373941692F4EE0012E30A /* WTPanelHighlightButton.png */; };
		E1D373991692F4EE0012E30A /* WTPanelHighlightButton@2x.png in Resources */ = {isa = PBXBuildFile; fileRef = E1D373951692F4EE0012E30A /* WTPanelHighlightButton@2x.png */; };
		E1D3739A1692F4EE0012E30A /* WTPanelNormalButton.png in Resources */ = {isa = PBXBuildFile; fileRef = E1D373961692F4EE0012E30A /* WTPanelNormalButton.png */; };
		E1D3739B1692F4EE0012E30A /* WTPanelNormalButton@2x.png in Resources */ = {isa = PBXBuildFile; fileRef = E1D373971692F4EE0012E30A /* WTPanelNormalButton@2x.png */; };
		E1D3739E1692F4FA0012E30A /* WTPanelShadow.png in Resources */ = {isa = PBXBuildFile; fileRef = E1D3739C1692F4FA0012E30A /* WTPanelShadow.png */; };
		E1D3739F1692F4FA0012E30A /* WTPanelShadow@2x.png in Resources */ = {isa = PBXBuildFile; fileRef = E1D3739D1692F4FA0012E30A /* WTPanelShadow@2x.png */; };
		E1D373A1169333390012E30A /* WTBannerContainerView.xib in Resources */ = {isa = PBXBuildFile; fileRef = E1D373A0169333390012E30A /* WTBannerContainerView.xib */; };
		E1D373A4169346F20012E30A /* WTPanelNowIcon.png in Resources */ = {isa = PBXBuildFile; fileRef = E1D373A2169346F20012E30A /* WTPanelNowIcon.png */; };
		E1D373A5169346F20012E30A /* WTPanelNowIcon@2x.png in Resources */ = {isa = PBXBuildFile; fileRef = E1D373A3169346F20012E30A /* WTPanelNowIcon@2x.png */; };
		E1D373CF169350AF0012E30A /* CoreText.framework in Frameworks */ = {isa = PBXBuildFile; fileRef = E1D373CE169350AE0012E30A /* CoreText.framework */; };
		E1D373F216935DD30012E30A /* libOHAttributedLabel.a in Frameworks */ = {isa = PBXBuildFile; fileRef = E1D373F116935DD30012E30A /* libOHAttributedLabel.a */; };
/* End PBXBuildFile section */

/* Begin PBXContainerItemProxy section */
		E12554C916491532006D42F5 /* PBXContainerItemProxy */ = {
			isa = PBXContainerItemProxy;
			containerPortal = E125548616491530006D42F5 /* Project object */;
			proxyType = 1;
			remoteGlobalIDString = E125548E16491530006D42F5;
			remoteInfo = WeTongji;
		};
/* End PBXContainerItemProxy section */

/* Begin PBXFileReference section */
		E11702FB1650F82A00D82F4A /* SystemConfiguration.framework */ = {isa = PBXFileReference; lastKnownFileType = wrapper.framework; name = SystemConfiguration.framework; path = System/Library/Frameworks/SystemConfiguration.framework; sourceTree = SDKROOT; };
		E11702FD1650F83F00D82F4A /* MobileCoreServices.framework */ = {isa = PBXFileReference; lastKnownFileType = wrapper.framework; name = MobileCoreServices.framework; path = System/Library/Frameworks/MobileCoreServices.framework; sourceTree = SDKROOT; };
		E1170315165156A400D82F4A /* icon@2x.png */ = {isa = PBXFileReference; lastKnownFileType = image.png; path = "icon@2x.png"; sourceTree = "<group>"; };
		E1170317165156BE00D82F4A /* icon.png */ = {isa = PBXFileReference; lastKnownFileType = image.png; path = icon.png; sourceTree = "<group>"; };
		E117035B1651EF4700D82F4A /* WTTabBarBg.png */ = {isa = PBXFileReference; lastKnownFileType = image.png; path = WTTabBarBg.png; sourceTree = "<group>"; };
		E117035C1651EF4700D82F4A /* WTTabBarBg@2x.png */ = {isa = PBXFileReference; lastKnownFileType = image.png; path = "WTTabBarBg@2x.png"; sourceTree = "<group>"; };
		E117035D1651EF4700D82F4A /* WTTabBarButtonBillBoard.png */ = {isa = PBXFileReference; lastKnownFileType = image.png; path = WTTabBarButtonBillBoard.png; sourceTree = "<group>"; };
		E117035E1651EF4700D82F4A /* WTTabBarButtonBillBoard@2x.png */ = {isa = PBXFileReference; lastKnownFileType = image.png; path = "WTTabBarButtonBillBoard@2x.png"; sourceTree = "<group>"; };
		E117035F1651EF4700D82F4A /* WTTabBarButtonBillBoardHl.png */ = {isa = PBXFileReference; lastKnownFileType = image.png; path = WTTabBarButtonBillBoardHl.png; sourceTree = "<group>"; };
		E11703601651EF4700D82F4A /* WTTabBarButtonBillBoardHl@2x.png */ = {isa = PBXFileReference; lastKnownFileType = image.png; path = "WTTabBarButtonBillBoardHl@2x.png"; sourceTree = "<group>"; };
		E11703611651EF4700D82F4A /* WTTabBarButtonHome.png */ = {isa = PBXFileReference; lastKnownFileType = image.png; path = WTTabBarButtonHome.png; sourceTree = "<group>"; };
		E11703621651EF4700D82F4A /* WTTabBarButtonHome@2x.png */ = {isa = PBXFileReference; lastKnownFileType = image.png; path = "WTTabBarButtonHome@2x.png"; sourceTree = "<group>"; };
		E11703631651EF4700D82F4A /* WTTabBarButtonHomeHl.png */ = {isa = PBXFileReference; lastKnownFileType = image.png; path = WTTabBarButtonHomeHl.png; sourceTree = "<group>"; };
		E11703641651EF4700D82F4A /* WTTabBarButtonHomeHl@2x.png */ = {isa = PBXFileReference; lastKnownFileType = image.png; path = "WTTabBarButtonHomeHl@2x.png"; sourceTree = "<group>"; };
		E11703651651EF4700D82F4A /* WTTabBarButtonMe.png */ = {isa = PBXFileReference; lastKnownFileType = image.png; path = WTTabBarButtonMe.png; sourceTree = "<group>"; };
		E11703661651EF4700D82F4A /* WTTabBarButtonMe@2x.png */ = {isa = PBXFileReference; lastKnownFileType = image.png; path = "WTTabBarButtonMe@2x.png"; sourceTree = "<group>"; };
		E11703671651EF4700D82F4A /* WTTabBarButtonMeHl.png */ = {isa = PBXFileReference; lastKnownFileType = image.png; path = WTTabBarButtonMeHl.png; sourceTree = "<group>"; };
		E11703681651EF4700D82F4A /* WTTabBarButtonMeHl@2x.png */ = {isa = PBXFileReference; lastKnownFileType = image.png; path = "WTTabBarButtonMeHl@2x.png"; sourceTree = "<group>"; };
		E11703691651EF4700D82F4A /* WTTabBarButtonNow.png */ = {isa = PBXFileReference; lastKnownFileType = image.png; path = WTTabBarButtonNow.png; sourceTree = "<group>"; };
		E117036A1651EF4700D82F4A /* WTTabBarButtonNow@2x.png */ = {isa = PBXFileReference; lastKnownFileType = image.png; path = "WTTabBarButtonNow@2x.png"; sourceTree = "<group>"; };
		E117036B1651EF4700D82F4A /* WTTabBarButtonNowHl.png */ = {isa = PBXFileReference; lastKnownFileType = image.png; path = WTTabBarButtonNowHl.png; sourceTree = "<group>"; };
		E117036C1651EF4700D82F4A /* WTTabBarButtonNowHl@2x.png */ = {isa = PBXFileReference; lastKnownFileType = image.png; path = "WTTabBarButtonNowHl@2x.png"; sourceTree = "<group>"; };
		E117036D1651EF4700D82F4A /* WTTabBarButtonPowerSearch.png */ = {isa = PBXFileReference; lastKnownFileType = image.png; path = WTTabBarButtonPowerSearch.png; sourceTree = "<group>"; };
		E117036E1651EF4700D82F4A /* WTTabBarButtonPowerSearch@2x.png */ = {isa = PBXFileReference; lastKnownFileType = image.png; path = "WTTabBarButtonPowerSearch@2x.png"; sourceTree = "<group>"; };
		E117036F1651EF4700D82F4A /* WTTabBarButtonPowerSearchHl.png */ = {isa = PBXFileReference; lastKnownFileType = image.png; path = WTTabBarButtonPowerSearchHl.png; sourceTree = "<group>"; };
		E11703701651EF4700D82F4A /* WTTabBarButtonPowerSearchHl@2x.png */ = {isa = PBXFileReference; lastKnownFileType = image.png; path = "WTTabBarButtonPowerSearchHl@2x.png"; sourceTree = "<group>"; };
		E117038F1651F07800D82F4A /* WTTabBarController.h */ = {isa = PBXFileReference; fileEncoding = 4; lastKnownFileType = sourcecode.c.h; path = WTTabBarController.h; sourceTree = "<group>"; };
		E11703981651F35A00D82F4A /* MainWindow.xib */ = {isa = PBXFileReference; fileEncoding = 4; lastKnownFileType = file.xib; path = MainWindow.xib; sourceTree = "<group>"; };
		E125548F16491530006D42F5 /* WeTongji.app */ = {isa = PBXFileReference; explicitFileType = wrapper.application; includeInIndex = 0; path = WeTongji.app; sourceTree = BUILT_PRODUCTS_DIR; };
		E125549316491530006D42F5 /* UIKit.framework */ = {isa = PBXFileReference; lastKnownFileType = wrapper.framework; name = UIKit.framework; path = System/Library/Frameworks/UIKit.framework; sourceTree = SDKROOT; };
		E125549516491530006D42F5 /* Foundation.framework */ = {isa = PBXFileReference; lastKnownFileType = wrapper.framework; name = Foundation.framework; path = System/Library/Frameworks/Foundation.framework; sourceTree = SDKROOT; };
		E125549716491530006D42F5 /* CoreGraphics.framework */ = {isa = PBXFileReference; lastKnownFileType = wrapper.framework; name = CoreGraphics.framework; path = System/Library/Frameworks/CoreGraphics.framework; sourceTree = SDKROOT; };
		E125549B16491530006D42F5 /* WeTongji-Info.plist */ = {isa = PBXFileReference; lastKnownFileType = text.plist.xml; path = "WeTongji-Info.plist"; sourceTree = "<group>"; };
		E125549D16491530006D42F5 /* en */ = {isa = PBXFileReference; lastKnownFileType = text.plist.strings; name = en; path = en.lproj/InfoPlist.strings; sourceTree = "<group>"; };
		E125549F16491530006D42F5 /* main.m */ = {isa = PBXFileReference; lastKnownFileType = sourcecode.c.objc; path = main.m; sourceTree = "<group>"; };
		E12554A116491530006D42F5 /* WeTongji-Prefix.pch */ = {isa = PBXFileReference; lastKnownFileType = sourcecode.c.h; path = "WeTongji-Prefix.pch"; sourceTree = "<group>"; };
		E12554A216491530006D42F5 /* WTAppDelegate.h */ = {isa = PBXFileReference; lastKnownFileType = sourcecode.c.h; path = WTAppDelegate.h; sourceTree = "<group>"; };
		E12554A316491530006D42F5 /* WTAppDelegate.m */ = {isa = PBXFileReference; lastKnownFileType = sourcecode.c.objc; path = WTAppDelegate.m; sourceTree = "<group>"; };
		E12554A516491530006D42F5 /* Default.png */ = {isa = PBXFileReference; lastKnownFileType = image.png; path = Default.png; sourceTree = "<group>"; };
		E12554A716491530006D42F5 /* Default@2x.png */ = {isa = PBXFileReference; lastKnownFileType = image.png; path = "Default@2x.png"; sourceTree = "<group>"; };
		E12554A916491530006D42F5 /* Default-568h@2x.png */ = {isa = PBXFileReference; lastKnownFileType = image.png; path = "Default-568h@2x.png"; sourceTree = "<group>"; };
		E12554C416491531006D42F5 /* WeTongjiTests.octest */ = {isa = PBXFileReference; explicitFileType = wrapper.cfbundle; includeInIndex = 0; path = WeTongjiTests.octest; sourceTree = BUILT_PRODUCTS_DIR; };
		E12554C516491531006D42F5 /* SenTestingKit.framework */ = {isa = PBXFileReference; lastKnownFileType = wrapper.framework; name = SenTestingKit.framework; path = Library/Frameworks/SenTestingKit.framework; sourceTree = DEVELOPER_DIR; };
		E12554CD16491532006D42F5 /* WeTongjiTests-Info.plist */ = {isa = PBXFileReference; lastKnownFileType = text.plist.xml; path = "WeTongjiTests-Info.plist"; sourceTree = "<group>"; };
		E12554CF16491532006D42F5 /* en */ = {isa = PBXFileReference; lastKnownFileType = text.plist.strings; name = en; path = en.lproj/InfoPlist.strings; sourceTree = "<group>"; };
		E12554D116491532006D42F5 /* WeTongjiTests.h */ = {isa = PBXFileReference; lastKnownFileType = sourcecode.c.h; path = WeTongjiTests.h; sourceTree = "<group>"; };
		E12554D216491532006D42F5 /* WeTongjiTests.m */ = {isa = PBXFileReference; lastKnownFileType = sourcecode.c.objc; path = WeTongjiTests.m; sourceTree = "<group>"; };
		E14FA6741680A9F2008A8D33 /* WTFocusButton.png */ = {isa = PBXFileReference; lastKnownFileType = image.png; path = WTFocusButton.png; sourceTree = "<group>"; };
		E14FA6751680A9F3008A8D33 /* WTSelectButton.png */ = {isa = PBXFileReference; lastKnownFileType = image.png; path = WTSelectButton.png; sourceTree = "<group>"; };
		E14FA6761680A9F3008A8D33 /* WTSelectButton@2x.png */ = {isa = PBXFileReference; lastKnownFileType = image.png; path = "WTSelectButton@2x.png"; sourceTree = "<group>"; };
		E14FA6771680A9F3008A8D33 /* WTFocusButton@2x.png */ = {isa = PBXFileReference; lastKnownFileType = image.png; path = "WTFocusButton@2x.png"; sourceTree = "<group>"; };
		E14FA67E1680B9DE008A8D33 /* WTNotificationBarButton.h */ = {isa = PBXFileReference; fileEncoding = 4; lastKnownFileType = sourcecode.c.h; path = WTNotificationBarButton.h; sourceTree = "<group>"; };
		E14FA67F1680B9DE008A8D33 /* WTNotificationBarButton.m */ = {isa = PBXFileReference; fileEncoding = 4; lastKnownFileType = sourcecode.c.objc; path = WTNotificationBarButton.m; sourceTree = "<group>"; };
		E14FA6811680BBDD008A8D33 /* WTNotificationNormalButton.png */ = {isa = PBXFileReference; lastKnownFileType = image.png; path = WTNotificationNormalButton.png; sourceTree = "<group>"; };
		E14FA6821680BBDD008A8D33 /* WTNotificationNormalButton@2x.png */ = {isa = PBXFileReference; lastKnownFileType = image.png; path = "WTNotificationNormalButton@2x.png"; sourceTree = "<group>"; };
		E14FA6831680BBDD008A8D33 /* WTNotificationShineButton@2x.png */ = {isa = PBXFileReference; lastKnownFileType = image.png; path = "WTNotificationShineButton@2x.png"; sourceTree = "<group>"; };
		E14FA6841680BBDD008A8D33 /* WTNotificationShineButton.png */ = {isa = PBXFileReference; lastKnownFileType = image.png; path = WTNotificationShineButton.png; sourceTree = "<group>"; };
		E14FA6851680BBDD008A8D33 /* WTNotificationSelectButton@2x.png */ = {isa = PBXFileReference; lastKnownFileType = image.png; path = "WTNotificationSelectButton@2x.png"; sourceTree = "<group>"; };
		E14FA6861680BBDD008A8D33 /* WTNotificationSelectButton.png */ = {isa = PBXFileReference; lastKnownFileType = image.png; path = WTNotificationSelectButton.png; sourceTree = "<group>"; };
		E14FA68D1680C546008A8D33 /* WTNotificationRing.png */ = {isa = PBXFileReference; lastKnownFileType = image.png; path = WTNotificationRing.png; sourceTree = "<group>"; };
		E14FA68E1680C546008A8D33 /* WTNotificationRing@2x.png */ = {isa = PBXFileReference; lastKnownFileType = image.png; path = "WTNotificationRing@2x.png"; sourceTree = "<group>"; };
		E14FA6961680DEDB008A8D33 /* WTNotificationModalViewController.h */ = {isa = PBXFileReference; fileEncoding = 4; lastKnownFileType = sourcecode.c.h; path = WTNotificationModalViewController.h; sourceTree = "<group>"; };
		E14FA6971680DEDB008A8D33 /* WTNotificationModalViewController.m */ = {isa = PBXFileReference; fileEncoding = 4; lastKnownFileType = sourcecode.c.objc; path = WTNotificationModalViewController.m; sourceTree = "<group>"; };
		E14FA6981680DEDB008A8D33 /* WTNotificationModalViewController.xib */ = {isa = PBXFileReference; fileEncoding = 4; lastKnownFileType = file.xib; path = WTNotificationModalViewController.xib; sourceTree = "<group>"; };
		E14FA69B1680DF62008A8D33 /* WTModalViewBg.png */ = {isa = PBXFileReference; lastKnownFileType = image.png; path = WTModalViewBg.png; sourceTree = "<group>"; };
		E14FA69C1680DF63008A8D33 /* WTModalViewBg@2x.png */ = {isa = PBXFileReference; lastKnownFileType = image.png; path = "WTModalViewBg@2x.png"; sourceTree = "<group>"; };
		E14FA69F1680E067008A8D33 /* UIImage+ScreenShoot.h */ = {isa = PBXFileReference; fileEncoding = 4; lastKnownFileType = sourcecode.c.h; path = "UIImage+ScreenShoot.h"; sourceTree = "<group>"; };
		E14FA6A01680E067008A8D33 /* UIImage+ScreenShoot.m */ = {isa = PBXFileReference; fileEncoding = 4; lastKnownFileType = sourcecode.c.objc; path = "UIImage+ScreenShoot.m"; sourceTree = "<group>"; };
		E14FA6A61681EBC1008A8D33 /* WTEventDetailViewController.h */ = {isa = PBXFileReference; fileEncoding = 4; lastKnownFileType = sourcecode.c.h; path = WTEventDetailViewController.h; sourceTree = "<group>"; };
		E14FA6A71681EBC2008A8D33 /* WTEventDetailViewController.m */ = {isa = PBXFileReference; fileEncoding = 4; lastKnownFileType = sourcecode.c.objc; path = WTEventDetailViewController.m; sourceTree = "<group>"; };
		E14FA6A81681EBC3008A8D33 /* WTEventDetailViewController.xib */ = {isa = PBXFileReference; fileEncoding = 4; lastKnownFileType = file.xib; path = WTEventDetailViewController.xib; sourceTree = "<group>"; };
		E14FA6AB1681EC22008A8D33 /* WTNavigationBarBackButton.png */ = {isa = PBXFileReference; lastKnownFileType = image.png; path = WTNavigationBarBackButton.png; sourceTree = "<group>"; };
		E14FA6AC1681EC23008A8D33 /* WTNavigationBarBackButton@2x.png */ = {isa = PBXFileReference; lastKnownFileType = image.png; path = "WTNavigationBarBackButton@2x.png"; sourceTree = "<group>"; };
		E14FA6AF1681F7FC008A8D33 /* WTCommentButton.png */ = {isa = PBXFileReference; lastKnownFileType = image.png; path = WTCommentButton.png; sourceTree = "<group>"; };
		E14FA6B01681F7FC008A8D33 /* WTMoreButton.png */ = {isa = PBXFileReference; lastKnownFileType = image.png; path = WTMoreButton.png; sourceTree = "<group>"; };
		E14FA6B11681F7FC008A8D33 /* WTCommentButton@2x.png */ = {isa = PBXFileReference; lastKnownFileType = image.png; path = "WTCommentButton@2x.png"; sourceTree = "<group>"; };
		E14FA6B21681F7FC008A8D33 /* WTMoreButton@2x.png */ = {isa = PBXFileReference; lastKnownFileType = image.png; path = "WTMoreButton@2x.png"; sourceTree = "<group>"; };
		E14FA6BB16820010008A8D33 /* WTLikeNormalButton.png */ = {isa = PBXFileReference; lastKnownFileType = image.png; path = WTLikeNormalButton.png; sourceTree = "<group>"; };
		E14FA6BC16820010008A8D33 /* WTLikeSelectButton.png */ = {isa = PBXFileReference; lastKnownFileType = image.png; path = WTLikeSelectButton.png; sourceTree = "<group>"; };
		E14FA6BD16820011008A8D33 /* WTLikeNormalButton@2x.png */ = {isa = PBXFileReference; lastKnownFileType = image.png; path = "WTLikeNormalButton@2x.png"; sourceTree = "<group>"; };
		E14FA6BE16820011008A8D33 /* WTLikeSelectButton@2x.png */ = {isa = PBXFileReference; lastKnownFileType = image.png; path = "WTLikeSelectButton@2x.png"; sourceTree = "<group>"; };
		E14FA6C316820285008A8D33 /* WTLikeButtonFlagBg.png */ = {isa = PBXFileReference; lastKnownFileType = image.png; path = WTLikeButtonFlagBg.png; sourceTree = "<group>"; };
		E14FA6C416820286008A8D33 /* WTLikeButtonFlagBg@2x.png */ = {isa = PBXFileReference; lastKnownFileType = image.png; path = "WTLikeButtonFlagBg@2x.png"; sourceTree = "<group>"; };
		E14FA6C7168203FE008A8D33 /* de */ = {isa = PBXFileReference; lastKnownFileType = text.plist.strings; name = de; path = de.lproj/Localizable.strings; sourceTree = "<group>"; };
		E14FA6C8168203FE008A8D33 /* de */ = {isa = PBXFileReference; lastKnownFileType = text.plist.strings; name = de; path = de.lproj/InfoPlist.strings; sourceTree = "<group>"; };
		E14FA6C9168203FE008A8D33 /* de */ = {isa = PBXFileReference; lastKnownFileType = text.plist.strings; name = de; path = de.lproj/InfoPlist.strings; sourceTree = "<group>"; };
		E18821BD1680059600A41F47 /* WTCornerBottomLeft.png */ = {isa = PBXFileReference; lastKnownFileType = image.png; path = WTCornerBottomLeft.png; sourceTree = "<group>"; };
		E18821BE1680059600A41F47 /* WTCornerBottomLeft@2x.png */ = {isa = PBXFileReference; lastKnownFileType = image.png; path = "WTCornerBottomLeft@2x.png"; sourceTree = "<group>"; };
		E18821BF1680059600A41F47 /* WTCornerBottomRight.png */ = {isa = PBXFileReference; lastKnownFileType = image.png; path = WTCornerBottomRight.png; sourceTree = "<group>"; };
		E18821C01680059600A41F47 /* WTCornerBottomRight@2x.png */ = {isa = PBXFileReference; lastKnownFileType = image.png; path = "WTCornerBottomRight@2x.png"; sourceTree = "<group>"; };
		E18821C11680059600A41F47 /* WTCornerTopLeft.png */ = {isa = PBXFileReference; lastKnownFileType = image.png; path = WTCornerTopLeft.png; sourceTree = "<group>"; };
		E18821C21680059600A41F47 /* WTCornerTopLeft@2x.png */ = {isa = PBXFileReference; lastKnownFileType = image.png; path = "WTCornerTopLeft@2x.png"; sourceTree = "<group>"; };
		E18821C31680059600A41F47 /* WTCornerTopRight.png */ = {isa = PBXFileReference; lastKnownFileType = image.png; path = WTCornerTopRight.png; sourceTree = "<group>"; };
		E18821C41680059600A41F47 /* WTCornerTopRight@2x.png */ = {isa = PBXFileReference; lastKnownFileType = image.png; path = "WTCornerTopRight@2x.png"; sourceTree = "<group>"; };
		E18821CF168007B800A41F47 /* UIView+Resize.h */ = {isa = PBXFileReference; fileEncoding = 4; lastKnownFileType = sourcecode.c.h; path = "UIView+Resize.h"; sourceTree = "<group>"; };
		E18821D0168007B800A41F47 /* UIView+Resize.m */ = {isa = PBXFileReference; fileEncoding = 4; lastKnownFileType = sourcecode.c.objc; path = "UIView+Resize.m"; sourceTree = "<group>"; };
		E18821D716800BF200A41F47 /* WTTabBarController.m */ = {isa = PBXFileReference; fileEncoding = 4; lastKnownFileType = sourcecode.c.objc; path = WTTabBarController.m; sourceTree = "<group>"; };
		E18821E816800E9B00A41F47 /* WTNavigationController.h */ = {isa = PBXFileReference; fileEncoding = 4; lastKnownFileType = sourcecode.c.h; path = WTNavigationController.h; sourceTree = "<group>"; };
		E18821E916800E9B00A41F47 /* WTNavigationController.m */ = {isa = PBXFileReference; fileEncoding = 4; lastKnownFileType = sourcecode.c.objc; path = WTNavigationController.m; sourceTree = "<group>"; };
		E18821EB16800EC300A41F47 /* WTHomeNavigationController.h */ = {isa = PBXFileReference; fileEncoding = 4; lastKnownFileType = sourcecode.c.h; path = WTHomeNavigationController.h; sourceTree = "<group>"; };
		E18821EC16800EC300A41F47 /* WTHomeNavigationController.m */ = {isa = PBXFileReference; fileEncoding = 4; lastKnownFileType = sourcecode.c.objc; path = WTHomeNavigationController.m; sourceTree = "<group>"; };
		E18821EF1680104700A41F47 /* WTNavigationBarBg.png */ = {isa = PBXFileReference; lastKnownFileType = image.png; path = WTNavigationBarBg.png; sourceTree = "<group>"; };
		E18821F01680104700A41F47 /* WTNavigationBarBg@2x.png */ = {isa = PBXFileReference; lastKnownFileType = image.png; path = "WTNavigationBarBg@2x.png"; sourceTree = "<group>"; };
		E18821F11680104700A41F47 /* WTNavigationBarShadow.png */ = {isa = PBXFileReference; lastKnownFileType = image.png; path = WTNavigationBarShadow.png; sourceTree = "<group>"; };
		E18821F21680104700A41F47 /* WTNavigationBarShadow@2x.png */ = {isa = PBXFileReference; lastKnownFileType = image.png; path = "WTNavigationBarShadow@2x.png"; sourceTree = "<group>"; };
		E18821F7168013AF00A41F47 /* WTNavigationBarLogo.png */ = {isa = PBXFileReference; lastKnownFileType = image.png; path = WTNavigationBarLogo.png; sourceTree = "<group>"; };
		E18821F8168013AF00A41F47 /* WTNavigationBarLogo@2x.png */ = {isa = PBXFileReference; lastKnownFileType = image.png; path = "WTNavigationBarLogo@2x.png"; sourceTree = "<group>"; };
		E18821FB16801BF700A41F47 /* WTHomeViewController.h */ = {isa = PBXFileReference; fileEncoding = 4; lastKnownFileType = sourcecode.c.h; path = WTHomeViewController.h; sourceTree = "<group>"; };
		E18821FC16801BF700A41F47 /* WTHomeViewController.m */ = {isa = PBXFileReference; fileEncoding = 4; lastKnownFileType = sourcecode.c.objc; path = WTHomeViewController.m; sourceTree = "<group>"; };
		E18821FD16801BF700A41F47 /* WTHomeViewController.xib */ = {isa = PBXFileReference; fileEncoding = 4; lastKnownFileType = file.xib; path = WTHomeViewController.xib; sourceTree = "<group>"; };
		E18822151680230B00A41F47 /* zh-Hans */ = {isa = PBXFileReference; lastKnownFileType = text.plist.strings; name = "zh-Hans"; path = "zh-Hans.lproj/InfoPlist.strings"; sourceTree = "<group>"; };
		E18822161680230B00A41F47 /* zh-Hans */ = {isa = PBXFileReference; lastKnownFileType = text.plist.strings; name = "zh-Hans"; path = "zh-Hans.lproj/InfoPlist.strings"; sourceTree = "<group>"; };
		E188221F1680252A00A41F47 /* en */ = {isa = PBXFileReference; lastKnownFileType = text.plist.strings; name = en; path = en.lproj/Localizable.strings; sourceTree = "<group>"; };
		E18822211680253600A41F47 /* zh-Hans */ = {isa = PBXFileReference; lastKnownFileType = text.plist.strings; name = "zh-Hans"; path = "zh-Hans.lproj/Localizable.strings"; sourceTree = "<group>"; };
		E1882223168025E600A41F47 /* WTLoginViewController.h */ = {isa = PBXFileReference; fileEncoding = 4; lastKnownFileType = sourcecode.c.h; path = WTLoginViewController.h; sourceTree = "<group>"; };
		E1882224168025E600A41F47 /* WTLoginViewController.m */ = {isa = PBXFileReference; fileEncoding = 4; lastKnownFileType = sourcecode.c.objc; path = WTLoginViewController.m; sourceTree = "<group>"; };
		E1882225168025E600A41F47 /* WTLoginViewController.xib */ = {isa = PBXFileReference; fileEncoding = 4; lastKnownFileType = file.xib; path = WTLoginViewController.xib; sourceTree = "<group>"; };
		E18822281680271A00A41F47 /* UIApplication+Addition.h */ = {isa = PBXFileReference; fileEncoding = 4; lastKnownFileType = sourcecode.c.h; path = "UIApplication+Addition.h"; sourceTree = "<group>"; };
		E18822291680271A00A41F47 /* UIApplication+Addition.m */ = {isa = PBXFileReference; fileEncoding = 4; lastKnownFileType = sourcecode.c.objc; path = "UIApplication+Addition.m"; sourceTree = "<group>"; };
		E188222B1680288100A41F47 /* WTNormalButton.png */ = {isa = PBXFileReference; lastKnownFileType = image.png; path = WTNormalButton.png; sourceTree = "<group>"; };
		E188222C1680288100A41F47 /* WTNormalButton@2x.png */ = {isa = PBXFileReference; lastKnownFileType = image.png; path = "WTNormalButton@2x.png"; sourceTree = "<group>"; };
		E188222F16802AD700A41F47 /* WTResourceFactory.h */ = {isa = PBXFileReference; fileEncoding = 4; lastKnownFileType = sourcecode.c.h; path = WTResourceFactory.h; sourceTree = "<group>"; };
		E188223016802AD700A41F47 /* WTResourceFactory.m */ = {isa = PBXFileReference; fileEncoding = 4; lastKnownFileType = sourcecode.c.objc; path = WTResourceFactory.m; sourceTree = "<group>"; };
		E188223616803E1400A41F47 /* WTInfoPanelBg.png */ = {isa = PBXFileReference; lastKnownFileType = image.png; path = WTInfoPanelBg.png; sourceTree = "<group>"; };
		E188223716803E1400A41F47 /* WTInfoPanelBg@2x.png */ = {isa = PBXFileReference; lastKnownFileType = image.png; path = "WTInfoPanelBg@2x.png"; sourceTree = "<group>"; };
		E188223A1680461D00A41F47 /* WTInfoPanelDivier@2x.png */ = {isa = PBXFileReference; lastKnownFileType = image.png; path = "WTInfoPanelDivier@2x.png"; sourceTree = "<group>"; };
		E188223B1680461E00A41F47 /* WTInfoPanelDivier.png */ = {isa = PBXFileReference; lastKnownFileType = image.png; path = WTInfoPanelDivier.png; sourceTree = "<group>"; };
		E1AEA9871691AFBB007DFA4C /* WTTopShadow.png */ = {isa = PBXFileReference; lastKnownFileType = image.png; path = WTTopShadow.png; sourceTree = "<group>"; };
		E1AEA9881691AFBC007DFA4C /* WTTopShadow@2x.png */ = {isa = PBXFileReference; lastKnownFileType = image.png; path = "WTTopShadow@2x.png"; sourceTree = "<group>"; };
		E1AEA98B1691B3BA007DFA4C /* WTLeftShadow.png */ = {isa = PBXFileReference; lastKnownFileType = image.png; path = WTLeftShadow.png; sourceTree = "<group>"; };
		E1AEA98C1691B3BA007DFA4C /* WTLeftShadow@2x.png */ = {isa = PBXFileReference; lastKnownFileType = image.png; path = "WTLeftShadow@2x.png"; sourceTree = "<group>"; };
		E1AEA98D1691B3BA007DFA4C /* WTRightShadow.png */ = {isa = PBXFileReference; lastKnownFileType = image.png; path = WTRightShadow.png; sourceTree = "<group>"; };
		E1AEA98E1691B3BA007DFA4C /* WTRightShadow@2x.png */ = {isa = PBXFileReference; lastKnownFileType = image.png; path = "WTRightShadow@2x.png"; sourceTree = "<group>"; };
		E1B892801690F4B1009D901C /* WTRootBackgroundUnit.png */ = {isa = PBXFileReference; lastKnownFileType = image.png; path = WTRootBackgroundUnit.png; sourceTree = "<group>"; };
		E1B892811690F4B1009D901C /* WTRootBackgroundUnit@2x.png */ = {isa = PBXFileReference; lastKnownFileType = image.png; path = "WTRootBackgroundUnit@2x.png"; sourceTree = "<group>"; };
		E1B8928916917D15009D901C /* WTTestBanner1.png */ = {isa = PBXFileReference; lastKnownFileType = image.png; path = WTTestBanner1.png; sourceTree = "<group>"; };
		E1B89292169181CA009D901C /* WTBottomShadow.png */ = {isa = PBXFileReference; lastKnownFileType = image.png; path = WTBottomShadow.png; sourceTree = "<group>"; };
		E1B89293169181CA009D901C /* WTBottomShadow@2x.png */ = {isa = PBXFileReference; lastKnownFileType = image.png; path = "WTBottomShadow@2x.png"; sourceTree = "<group>"; };
		E1B89296169184E0009D901C /* WTTestBanner3.png */ = {isa = PBXFileReference; lastKnownFileType = image.png; path = WTTestBanner3.png; sourceTree = "<group>"; };
		E1B89297169184E0009D901C /* WTTestBanner2.png */ = {isa = PBXFileReference; lastKnownFileType = image.png; path = WTTestBanner2.png; sourceTree = "<group>"; };
		E1C033CB16691E75004738EF /* WTDistrictBuildingMap.plist */ = {isa = PBXFileReference; fileEncoding = 4; lastKnownFileType = text.plist.xml; path = WTDistrictBuildingMap.plist; sourceTree = "<group>"; };
		E1C033E016692590004738EF /* libxml2.dylib */ = {isa = PBXFileReference; lastKnownFileType = "compiled.mach-o.dylib"; name = libxml2.dylib; path = usr/lib/libxml2.dylib; sourceTree = SDKROOT; };
		E1C53DCF16523DCE0011C8A1 /* WTSearchViewController.h */ = {isa = PBXFileReference; fileEncoding = 4; lastKnownFileType = sourcecode.c.h; path = WTSearchViewController.h; sourceTree = "<group>"; };
		E1C53DD016523DCE0011C8A1 /* WTSearchViewController.m */ = {isa = PBXFileReference; fileEncoding = 4; lastKnownFileType = sourcecode.c.objc; path = WTSearchViewController.m; sourceTree = "<group>"; };
		E1C53DD116523DCE0011C8A1 /* WTSearchViewController.xib */ = {isa = PBXFileReference; fileEncoding = 4; lastKnownFileType = file.xib; path = WTSearchViewController.xib; sourceTree = "<group>"; };
		E1D373791691D0370012E30A /* WTPanelMoreHighlightButton@2x.png */ = {isa = PBXFileReference; lastKnownFileType = image.png; path = "WTPanelMoreHighlightButton@2x.png"; sourceTree = "<group>"; };
		E1D3737A1691D0370012E30A /* WTPanelMoreHighlightButton.png */ = {isa = PBXFileReference; lastKnownFileType = image.png; path = WTPanelMoreHighlightButton.png; sourceTree = "<group>"; };
		E1D3737D1691D09C0012E30A /* WTPanelMoreNormalButton.png */ = {isa = PBXFileReference; lastKnownFileType = image.png; path = WTPanelMoreNormalButton.png; sourceTree = "<group>"; };
		E1D3737E1691D09C0012E30A /* WTPanelMoreNormalButton@2x.png */ = {isa = PBXFileReference; lastKnownFileType = image.png; path = "WTPanelMoreNormalButton@2x.png"; sourceTree = "<group>"; };
		E1D3738F1692ECE10012E30A /* WTBannerView.h */ = {isa = PBXFileReference; fileEncoding = 4; lastKnownFileType = sourcecode.c.h; path = WTBannerView.h; sourceTree = "<group>"; };
		E1D373901692ECE10012E30A /* WTBannerView.m */ = {isa = PBXFileReference; fileEncoding = 4; lastKnownFileType = sourcecode.c.objc; path = WTBannerView.m; sourceTree = "<group>"; };
		E1D373921692ED2C0012E30A /* WTBannerView.xib */ = {isa = PBXFileReference; fileEncoding = 4; lastKnownFileType = file.xib; path = WTBannerView.xib; sourceTree = "<group>"; };
		E1D373941692F4EE0012E30A /* WTPanelHighlightButton.png */ = {isa = PBXFileReference; lastKnownFileType = image.png; path = WTPanelHighlightButton.png; sourceTree = "<group>"; };
		E1D373951692F4EE0012E30A /* WTPanelHighlightButton@2x.png */ = {isa = PBXFileReference; lastKnownFileType = image.png; path = "WTPanelHighlightButton@2x.png"; sourceTree = "<group>"; };
		E1D373961692F4EE0012E30A /* WTPanelNormalButton.png */ = {isa = PBXFileReference; lastKnownFileType = image.png; path = WTPanelNormalButton.png; sourceTree = "<group>"; };
		E1D373971692F4EE0012E30A /* WTPanelNormalButton@2x.png */ = {isa = PBXFileReference; lastKnownFileType = image.png; path = "WTPanelNormalButton@2x.png"; sourceTree = "<group>"; };
		E1D3739C1692F4FA0012E30A /* WTPanelShadow.png */ = {isa = PBXFileReference; lastKnownFileType = image.png; path = WTPanelShadow.png; sourceTree = "<group>"; };
		E1D3739D1692F4FA0012E30A /* WTPanelShadow@2x.png */ = {isa = PBXFileReference; lastKnownFileType = image.png; path = "WTPanelShadow@2x.png"; sourceTree = "<group>"; };
		E1D373A0169333390012E30A /* WTBannerContainerView.xib */ = {isa = PBXFileReference; fileEncoding = 4; lastKnownFileType = file.xib; path = WTBannerContainerView.xib; sourceTree = "<group>"; };
		E1D373A2169346F20012E30A /* WTPanelNowIcon.png */ = {isa = PBXFileReference; lastKnownFileType = image.png; path = WTPanelNowIcon.png; sourceTree = "<group>"; };
		E1D373A3169346F20012E30A /* WTPanelNowIcon@2x.png */ = {isa = PBXFileReference; lastKnownFileType = image.png; path = "WTPanelNowIcon@2x.png"; sourceTree = "<group>"; };
		E1D373CE169350AE0012E30A /* CoreText.framework */ = {isa = PBXFileReference; lastKnownFileType = wrapper.framework; name = CoreText.framework; path = System/Library/Frameworks/CoreText.framework; sourceTree = SDKROOT; };
		E1D373F116935DD30012E30A /* libOHAttributedLabel.a */ = {isa = PBXFileReference; lastKnownFileType = archive.ar; path = libOHAttributedLabel.a; sourceTree = BUILT_PRODUCTS_DIR; };
/* End PBXFileReference section */

/* Begin PBXFrameworksBuildPhase section */
		E125548C16491530006D42F5 /* Frameworks */ = {
			isa = PBXFrameworksBuildPhase;
			buildActionMask = 2147483647;
			files = (
				E1D373CF169350AF0012E30A /* CoreText.framework in Frameworks */,
				E1C033E116692590004738EF /* libxml2.dylib in Frameworks */,
				E11702FE1650F83F00D82F4A /* MobileCoreServices.framework in Frameworks */,
				E11702FC1650F82A00D82F4A /* SystemConfiguration.framework in Frameworks */,
				E125549416491530006D42F5 /* UIKit.framework in Frameworks */,
				E125549616491530006D42F5 /* Foundation.framework in Frameworks */,
				E125549816491530006D42F5 /* CoreGraphics.framework in Frameworks */,
				E1D373F216935DD30012E30A /* libOHAttributedLabel.a in Frameworks */,
			);
			runOnlyForDeploymentPostprocessing = 0;
		};
		E12554C016491531006D42F5 /* Frameworks */ = {
			isa = PBXFrameworksBuildPhase;
			buildActionMask = 2147483647;
			files = (
				E12554C616491532006D42F5 /* SenTestingKit.framework in Frameworks */,
				E12554C716491532006D42F5 /* UIKit.framework in Frameworks */,
				E12554C816491532006D42F5 /* Foundation.framework in Frameworks */,
			);
			runOnlyForDeploymentPostprocessing = 0;
		};
/* End PBXFrameworksBuildPhase section */

/* Begin PBXGroup section */
		E117035A1651EF3E00D82F4A /* Resources */ = {
			isa = PBXGroup;
			children = (
				E1D373A61693473E0012E30A /* Other */,
				E14FA67C1680A9F7008A8D33 /* Button */,
				E18821BC1680058E00A41F47 /* Corner */,
				E188223E1680462100A41F47 /* InfoPanel */,
				E18821EE1680103E00A41F47 /* NavigationBar */,
				E1AEA9861691AF56007DFA4C /* Shadow */,
				E18821BB1680058000A41F47 /* TabBar */,
				E1C033CB16691E75004738EF /* WTDistrictBuildingMap.plist */,
			);
			path = Resources;
			sourceTree = "<group>";
		};
		E117038E1651EFD900D82F4A /* ViewControllers */ = {
			isa = PBXGroup;
			children = (
				E1250C0A16859A1D00802808 /* Event */,
				E14FA6951680DEB1008A8D33 /* NavigationModal */,
				E1882222168025D200A41F47 /* Login */,
				E18821E716800E7B00A41F47 /* Home */,
				E1C53DCE16523DAF0011C8A1 /* Search */,
				E1C53DCD16523DA60011C8A1 /* Root */,
			);
			name = ViewControllers;
			sourceTree = "<group>";
		};
		E1250C0A16859A1D00802808 /* Event */ = {
			isa = PBXGroup;
			children = (
				E14FA6A61681EBC1008A8D33 /* WTEventDetailViewController.h */,
				E14FA6A71681EBC2008A8D33 /* WTEventDetailViewController.m */,
				E14FA6A81681EBC3008A8D33 /* WTEventDetailViewController.xib */,
			);
			name = Event;
			sourceTree = "<group>";
		};
		E125548416491530006D42F5 = {
			isa = PBXGroup;
			children = (
				E1D373F116935DD30012E30A /* libOHAttributedLabel.a */,
				E1170317165156BE00D82F4A /* icon.png */,
				E1170315165156A400D82F4A /* icon@2x.png */,
				E125549916491530006D42F5 /* WeTongji */,
				E12554CB16491532006D42F5 /* WeTongjiTests */,
				E125549216491530006D42F5 /* Frameworks */,
				E125549016491530006D42F5 /* Products */,
			);
			sourceTree = "<group>";
		};
		E125549016491530006D42F5 /* Products */ = {
			isa = PBXGroup;
			children = (
				E125548F16491530006D42F5 /* WeTongji.app */,
				E12554C416491531006D42F5 /* WeTongjiTests.octest */,
			);
			name = Products;
			sourceTree = "<group>";
		};
		E125549216491530006D42F5 /* Frameworks */ = {
			isa = PBXGroup;
			children = (
				E1D373CE169350AE0012E30A /* CoreText.framework */,
				E1C033E016692590004738EF /* libxml2.dylib */,
				E11702FD1650F83F00D82F4A /* MobileCoreServices.framework */,
				E11702FB1650F82A00D82F4A /* SystemConfiguration.framework */,
				E125549316491530006D42F5 /* UIKit.framework */,
				E125549516491530006D42F5 /* Foundation.framework */,
				E125549716491530006D42F5 /* CoreGraphics.framework */,
				E12554C516491531006D42F5 /* SenTestingKit.framework */,
			);
			name = Frameworks;
			sourceTree = "<group>";
		};
		E125549916491530006D42F5 /* WeTongji */ = {
			isa = PBXGroup;
			children = (
				E14FA67D1680B9BB008A8D33 /* CustomViews */,
				E18821CE1680077C00A41F47 /* Categories */,
				E18821CD1680077000A41F47 /* Tools */,
				E117038E1651EFD900D82F4A /* ViewControllers */,
				E12554A216491530006D42F5 /* WTAppDelegate.h */,
				E12554A316491530006D42F5 /* WTAppDelegate.m */,
				E11703981651F35A00D82F4A /* MainWindow.xib */,
				E117035A1651EF3E00D82F4A /* Resources */,
				E125549A16491530006D42F5 /* Supporting Files */,
			);
			path = WeTongji;
			sourceTree = "<group>";
		};
		E125549A16491530006D42F5 /* Supporting Files */ = {
			isa = PBXGroup;
			children = (
				E188221E1680252A00A41F47 /* Localizable.strings */,
				E125549B16491530006D42F5 /* WeTongji-Info.plist */,
				E125549C16491530006D42F5 /* InfoPlist.strings */,
				E125549F16491530006D42F5 /* main.m */,
				E12554A116491530006D42F5 /* WeTongji-Prefix.pch */,
				E12554A516491530006D42F5 /* Default.png */,
				E12554A716491530006D42F5 /* Default@2x.png */,
				E12554A916491530006D42F5 /* Default-568h@2x.png */,
			);
			name = "Supporting Files";
			sourceTree = "<group>";
		};
		E12554CB16491532006D42F5 /* WeTongjiTests */ = {
			isa = PBXGroup;
			children = (
				E12554D116491532006D42F5 /* WeTongjiTests.h */,
				E12554D216491532006D42F5 /* WeTongjiTests.m */,
				E12554CC16491532006D42F5 /* Supporting Files */,
			);
			path = WeTongjiTests;
			sourceTree = "<group>";
		};
		E12554CC16491532006D42F5 /* Supporting Files */ = {
			isa = PBXGroup;
			children = (
				E12554CD16491532006D42F5 /* WeTongjiTests-Info.plist */,
				E12554CE16491532006D42F5 /* InfoPlist.strings */,
			);
			name = "Supporting Files";
			sourceTree = "<group>";
		};
		E14FA67C1680A9F7008A8D33 /* Button */ = {
			isa = PBXGroup;
			children = (
				E1D373941692F4EE0012E30A /* WTPanelHighlightButton.png */,
				E1D373951692F4EE0012E30A /* WTPanelHighlightButton@2x.png */,
				E1D373961692F4EE0012E30A /* WTPanelNormalButton.png */,
				E1D373971692F4EE0012E30A /* WTPanelNormalButton@2x.png */,
				E1D3737D1691D09C0012E30A /* WTPanelMoreNormalButton.png */,
				E1D3737E1691D09C0012E30A /* WTPanelMoreNormalButton@2x.png */,
				E1D373791691D0370012E30A /* WTPanelMoreHighlightButton@2x.png */,
				E1D3737A1691D0370012E30A /* WTPanelMoreHighlightButton.png */,
				E14FA6AF1681F7FC008A8D33 /* WTCommentButton.png */,
				E14FA6B11681F7FC008A8D33 /* WTCommentButton@2x.png */,
				E14FA6741680A9F2008A8D33 /* WTFocusButton.png */,
				E14FA6771680A9F3008A8D33 /* WTFocusButton@2x.png */,
				E14FA6BB16820010008A8D33 /* WTLikeNormalButton.png */,
				E14FA6BD16820011008A8D33 /* WTLikeNormalButton@2x.png */,
				E14FA6BC16820010008A8D33 /* WTLikeSelectButton.png */,
				E14FA6BE16820011008A8D33 /* WTLikeSelectButton@2x.png */,
				E14FA6B01681F7FC008A8D33 /* WTMoreButton.png */,
				E14FA6B21681F7FC008A8D33 /* WTMoreButton@2x.png */,
				E14FA6AB1681EC22008A8D33 /* WTNavigationBarBackButton.png */,
				E14FA6AC1681EC23008A8D33 /* WTNavigationBarBackButton@2x.png */,
				E188222B1680288100A41F47 /* WTNormalButton.png */,
				E188222C1680288100A41F47 /* WTNormalButton@2x.png */,
				E14FA6811680BBDD008A8D33 /* WTNotificationNormalButton.png */,
				E14FA6821680BBDD008A8D33 /* WTNotificationNormalButton@2x.png */,
				E14FA68D1680C546008A8D33 /* WTNotificationRing.png */,
				E14FA68E1680C546008A8D33 /* WTNotificationRing@2x.png */,
				E14FA6861680BBDD008A8D33 /* WTNotificationSelectButton.png */,
				E14FA6851680BBDD008A8D33 /* WTNotificationSelectButton@2x.png */,
				E14FA6841680BBDD008A8D33 /* WTNotificationShineButton.png */,
				E14FA6831680BBDD008A8D33 /* WTNotificationShineButton@2x.png */,
				E14FA6751680A9F3008A8D33 /* WTSelectButton.png */,
				E14FA6761680A9F3008A8D33 /* WTSelectButton@2x.png */,
			);
			name = Button;
			sourceTree = "<group>";
		};
		E14FA67D1680B9BB008A8D33 /* CustomViews */ = {
			isa = PBXGroup;
			children = (
				E14FA67E1680B9DE008A8D33 /* WTNotificationBarButton.h */,
				E14FA67F1680B9DE008A8D33 /* WTNotificationBarButton.m */,
				E1D3738F1692ECE10012E30A /* WTBannerView.h */,
				E1D373901692ECE10012E30A /* WTBannerView.m */,
				E1D373921692ED2C0012E30A /* WTBannerView.xib */,
				E1D373A0169333390012E30A /* WTBannerContainerView.xib */,
			);
			name = CustomViews;
			sourceTree = "<group>";
		};
		E14FA6951680DEB1008A8D33 /* NavigationModal */ = {
			isa = PBXGroup;
			children = (
				E14FA6961680DEDB008A8D33 /* WTNotificationModalViewController.h */,
				E14FA6971680DEDB008A8D33 /* WTNotificationModalViewController.m */,
				E14FA6981680DEDB008A8D33 /* WTNotificationModalViewController.xib */,
			);
			name = NavigationModal;
			sourceTree = "<group>";
		};
		E18821BB1680058000A41F47 /* TabBar */ = {
			isa = PBXGroup;
			children = (
				E117035B1651EF4700D82F4A /* WTTabBarBg.png */,
				E117035C1651EF4700D82F4A /* WTTabBarBg@2x.png */,
				E117035D1651EF4700D82F4A /* WTTabBarButtonBillBoard.png */,
				E117035E1651EF4700D82F4A /* WTTabBarButtonBillBoard@2x.png */,
				E117035F1651EF4700D82F4A /* WTTabBarButtonBillBoardHl.png */,
				E11703601651EF4700D82F4A /* WTTabBarButtonBillBoardHl@2x.png */,
				E11703611651EF4700D82F4A /* WTTabBarButtonHome.png */,
				E11703621651EF4700D82F4A /* WTTabBarButtonHome@2x.png */,
				E11703631651EF4700D82F4A /* WTTabBarButtonHomeHl.png */,
				E11703641651EF4700D82F4A /* WTTabBarButtonHomeHl@2x.png */,
				E11703651651EF4700D82F4A /* WTTabBarButtonMe.png */,
				E11703661651EF4700D82F4A /* WTTabBarButtonMe@2x.png */,
				E11703671651EF4700D82F4A /* WTTabBarButtonMeHl.png */,
				E11703681651EF4700D82F4A /* WTTabBarButtonMeHl@2x.png */,
				E11703691651EF4700D82F4A /* WTTabBarButtonNow.png */,
				E117036A1651EF4700D82F4A /* WTTabBarButtonNow@2x.png */,
				E117036B1651EF4700D82F4A /* WTTabBarButtonNowHl.png */,
				E117036C1651EF4700D82F4A /* WTTabBarButtonNowHl@2x.png */,
				E117036D1651EF4700D82F4A /* WTTabBarButtonPowerSearch.png */,
				E117036E1651EF4700D82F4A /* WTTabBarButtonPowerSearch@2x.png */,
				E117036F1651EF4700D82F4A /* WTTabBarButtonPowerSearchHl.png */,
				E11703701651EF4700D82F4A /* WTTabBarButtonPowerSearchHl@2x.png */,
			);
			name = TabBar;
			sourceTree = "<group>";
		};
		E18821BC1680058E00A41F47 /* Corner */ = {
			isa = PBXGroup;
			children = (
				E18821BD1680059600A41F47 /* WTCornerBottomLeft.png */,
				E18821BE1680059600A41F47 /* WTCornerBottomLeft@2x.png */,
				E18821BF1680059600A41F47 /* WTCornerBottomRight.png */,
				E18821C01680059600A41F47 /* WTCornerBottomRight@2x.png */,
				E18821C11680059600A41F47 /* WTCornerTopLeft.png */,
				E18821C21680059600A41F47 /* WTCornerTopLeft@2x.png */,
				E18821C31680059600A41F47 /* WTCornerTopRight.png */,
				E18821C41680059600A41F47 /* WTCornerTopRight@2x.png */,
			);
			name = Corner;
			sourceTree = "<group>";
		};
		E18821CD1680077000A41F47 /* Tools */ = {
			isa = PBXGroup;
			children = (
				E188222F16802AD700A41F47 /* WTResourceFactory.h */,
				E188223016802AD700A41F47 /* WTResourceFactory.m */,
			);
			name = Tools;
			sourceTree = "<group>";
		};
		E18821CE1680077C00A41F47 /* Categories */ = {
			isa = PBXGroup;
			children = (
				E18821CF168007B800A41F47 /* UIView+Resize.h */,
				E18821D0168007B800A41F47 /* UIView+Resize.m */,
				E18822281680271A00A41F47 /* UIApplication+Addition.h */,
				E18822291680271A00A41F47 /* UIApplication+Addition.m */,
				E14FA69F1680E067008A8D33 /* UIImage+ScreenShoot.h */,
				E14FA6A01680E067008A8D33 /* UIImage+ScreenShoot.m */,
			);
			name = Categories;
			sourceTree = "<group>";
		};
		E18821E716800E7B00A41F47 /* Home */ = {
			isa = PBXGroup;
			children = (
				E18821EB16800EC300A41F47 /* WTHomeNavigationController.h */,
				E18821EC16800EC300A41F47 /* WTHomeNavigationController.m */,
				E18821FB16801BF700A41F47 /* WTHomeViewController.h */,
				E18821FC16801BF700A41F47 /* WTHomeViewController.m */,
				E18821FD16801BF700A41F47 /* WTHomeViewController.xib */,
			);
			name = Home;
			sourceTree = "<group>";
		};
		E18821EE1680103E00A41F47 /* NavigationBar */ = {
			isa = PBXGroup;
			children = (
				E18821EF1680104700A41F47 /* WTNavigationBarBg.png */,
				E18821F01680104700A41F47 /* WTNavigationBarBg@2x.png */,
				E18821F11680104700A41F47 /* WTNavigationBarShadow.png */,
				E18821F21680104700A41F47 /* WTNavigationBarShadow@2x.png */,
				E18821F7168013AF00A41F47 /* WTNavigationBarLogo.png */,
				E18821F8168013AF00A41F47 /* WTNavigationBarLogo@2x.png */,
			);
			name = NavigationBar;
			sourceTree = "<group>";
		};
		E1882222168025D200A41F47 /* Login */ = {
			isa = PBXGroup;
			children = (
				E1882223168025E600A41F47 /* WTLoginViewController.h */,
				E1882224168025E600A41F47 /* WTLoginViewController.m */,
				E1882225168025E600A41F47 /* WTLoginViewController.xib */,
			);
			name = Login;
			sourceTree = "<group>";
		};
		E188223E1680462100A41F47 /* InfoPanel */ = {
			isa = PBXGroup;
			children = (
				E188223616803E1400A41F47 /* WTInfoPanelBg.png */,
				E188223716803E1400A41F47 /* WTInfoPanelBg@2x.png */,
				E188223A1680461D00A41F47 /* WTInfoPanelDivier@2x.png */,
				E188223B1680461E00A41F47 /* WTInfoPanelDivier.png */,
			);
			name = InfoPanel;
			sourceTree = "<group>";
		};
		E1AEA9861691AF56007DFA4C /* Shadow */ = {
			isa = PBXGroup;
			children = (
				E1D3739C1692F4FA0012E30A /* WTPanelShadow.png */,
				E1D3739D1692F4FA0012E30A /* WTPanelShadow@2x.png */,
				E1B89292169181CA009D901C /* WTBottomShadow.png */,
				E1B89293169181CA009D901C /* WTBottomShadow@2x.png */,
				E1AEA98B1691B3BA007DFA4C /* WTLeftShadow.png */,
				E1AEA98C1691B3BA007DFA4C /* WTLeftShadow@2x.png */,
				E1AEA98D1691B3BA007DFA4C /* WTRightShadow.png */,
				E1AEA98E1691B3BA007DFA4C /* WTRightShadow@2x.png */,
				E1AEA9871691AFBB007DFA4C /* WTTopShadow.png */,
				E1AEA9881691AFBC007DFA4C /* WTTopShadow@2x.png */,
			);
			name = Shadow;
			sourceTree = "<group>";
		};
		E1C53DCD16523DA60011C8A1 /* Root */ = {
			isa = PBXGroup;
			children = (
				E18821E816800E9B00A41F47 /* WTNavigationController.h */,
				E18821E916800E9B00A41F47 /* WTNavigationController.m */,
				E117038F1651F07800D82F4A /* WTTabBarController.h */,
				E18821D716800BF200A41F47 /* WTTabBarController.m */,
			);
			name = Root;
			sourceTree = "<group>";
		};
		E1C53DCE16523DAF0011C8A1 /* Search */ = {
			isa = PBXGroup;
			children = (
				E1C53DCF16523DCE0011C8A1 /* WTSearchViewController.h */,
				E1C53DD016523DCE0011C8A1 /* WTSearchViewController.m */,
				E1C53DD116523DCE0011C8A1 /* WTSearchViewController.xib */,
			);
			name = Search;
			sourceTree = "<group>";
		};
		E1D373A61693473E0012E30A /* Other */ = {
			isa = PBXGroup;
			children = (
				E1D373A2169346F20012E30A /* WTPanelNowIcon.png */,
				E1D373A3169346F20012E30A /* WTPanelNowIcon@2x.png */,
				E14FA6C316820285008A8D33 /* WTLikeButtonFlagBg.png */,
				E14FA6C416820286008A8D33 /* WTLikeButtonFlagBg@2x.png */,
				E14FA69B1680DF62008A8D33 /* WTModalViewBg.png */,
				E14FA69C1680DF63008A8D33 /* WTModalViewBg@2x.png */,
				E1B892801690F4B1009D901C /* WTRootBackgroundUnit.png */,
				E1B892811690F4B1009D901C /* WTRootBackgroundUnit@2x.png */,
				E1B8928916917D15009D901C /* WTTestBanner1.png */,
				E1B89297169184E0009D901C /* WTTestBanner2.png */,
				E1B89296169184E0009D901C /* WTTestBanner3.png */,
			);
			name = Other;
			sourceTree = "<group>";
		};
/* End PBXGroup section */

/* Begin PBXNativeTarget section */
		E125548E16491530006D42F5 /* WeTongji */ = {
			isa = PBXNativeTarget;
			buildConfigurationList = E12554D616491532006D42F5 /* Build configuration list for PBXNativeTarget "WeTongji" */;
			buildPhases = (
				E125548B16491530006D42F5 /* Sources */,
				E125548C16491530006D42F5 /* Frameworks */,
				E125548D16491530006D42F5 /* Resources */,
			);
			buildRules = (
			);
			dependencies = (
			);
			name = WeTongji;
			productName = WeTongji;
			productReference = E125548F16491530006D42F5 /* WeTongji.app */;
			productType = "com.apple.product-type.application";
		};
		E12554C316491531006D42F5 /* WeTongjiTests */ = {
			isa = PBXNativeTarget;
			buildConfigurationList = E12554D916491532006D42F5 /* Build configuration list for PBXNativeTarget "WeTongjiTests" */;
			buildPhases = (
				E12554BF16491531006D42F5 /* Sources */,
				E12554C016491531006D42F5 /* Frameworks */,
				E12554C116491531006D42F5 /* Resources */,
				E12554C216491531006D42F5 /* ShellScript */,
			);
			buildRules = (
			);
			dependencies = (
				E12554CA16491532006D42F5 /* PBXTargetDependency */,
			);
			name = WeTongjiTests;
			productName = WeTongjiTests;
			productReference = E12554C416491531006D42F5 /* WeTongjiTests.octest */;
			productType = "com.apple.product-type.bundle";
		};
/* End PBXNativeTarget section */

/* Begin PBXProject section */
		E125548616491530006D42F5 /* Project object */ = {
			isa = PBXProject;
			attributes = {
				CLASSPREFIX = WT;
				LastUpgradeCheck = 0450;
				ORGANIZATIONNAME = "Tongji Apple Club";
			};
			buildConfigurationList = E125548916491530006D42F5 /* Build configuration list for PBXProject "WeTongji" */;
			compatibilityVersion = "Xcode 3.2";
			developmentRegion = English;
			hasScannedForEncodings = 0;
			knownRegions = (
				en,
				"zh-Hans",
				de,
			);
			mainGroup = E125548416491530006D42F5;
			productRefGroup = E125549016491530006D42F5 /* Products */;
			projectDirPath = "";
			projectRoot = "";
			targets = (
				E125548E16491530006D42F5 /* WeTongji */,
				E12554C316491531006D42F5 /* WeTongjiTests */,
			);
		};
/* End PBXProject section */

/* Begin PBXResourcesBuildPhase section */
		E125548D16491530006D42F5 /* Resources */ = {
			isa = PBXResourcesBuildPhase;
			buildActionMask = 2147483647;
			files = (
				E125549E16491530006D42F5 /* InfoPlist.strings in Resources */,
				E12554A616491530006D42F5 /* Default.png in Resources */,
				E12554A816491530006D42F5 /* Default@2x.png in Resources */,
				E12554AA16491530006D42F5 /* Default-568h@2x.png in Resources */,
				E1170316165156A400D82F4A /* icon@2x.png in Resources */,
				E1170318165156BE00D82F4A /* icon.png in Resources */,
				E11703711651EF4800D82F4A /* WTTabBarBg.png in Resources */,
				E11703721651EF4800D82F4A /* WTTabBarBg@2x.png in Resources */,
				E11703731651EF4800D82F4A /* WTTabBarButtonBillBoard.png in Resources */,
				E11703741651EF4800D82F4A /* WTTabBarButtonBillBoard@2x.png in Resources */,
				E11703751651EF4800D82F4A /* WTTabBarButtonBillBoardHl.png in Resources */,
				E11703761651EF4800D82F4A /* WTTabBarButtonBillBoardHl@2x.png in Resources */,
				E11703771651EF4800D82F4A /* WTTabBarButtonHome.png in Resources */,
				E11703781651EF4800D82F4A /* WTTabBarButtonHome@2x.png in Resources */,
				E11703791651EF4800D82F4A /* WTTabBarButtonHomeHl.png in Resources */,
				E117037A1651EF4800D82F4A /* WTTabBarButtonHomeHl@2x.png in Resources */,
				E117037B1651EF4800D82F4A /* WTTabBarButtonMe.png in Resources */,
				E117037C1651EF4800D82F4A /* WTTabBarButtonMe@2x.png in Resources */,
				E117037D1651EF4800D82F4A /* WTTabBarButtonMeHl.png in Resources */,
				E117037E1651EF4800D82F4A /* WTTabBarButtonMeHl@2x.png in Resources */,
				E117037F1651EF4800D82F4A /* WTTabBarButtonNow.png in Resources */,
				E11703801651EF4800D82F4A /* WTTabBarButtonNow@2x.png in Resources */,
				E11703811651EF4800D82F4A /* WTTabBarButtonNowHl.png in Resources */,
				E11703821651EF4800D82F4A /* WTTabBarButtonNowHl@2x.png in Resources */,
				E11703831651EF4800D82F4A /* WTTabBarButtonPowerSearch.png in Resources */,
				E11703841651EF4800D82F4A /* WTTabBarButtonPowerSearch@2x.png in Resources */,
				E11703851651EF4800D82F4A /* WTTabBarButtonPowerSearchHl.png in Resources */,
				E11703861651EF4800D82F4A /* WTTabBarButtonPowerSearchHl@2x.png in Resources */,
				E11703991651F35B00D82F4A /* MainWindow.xib in Resources */,
				E1C53DD316523DCE0011C8A1 /* WTSearchViewController.xib in Resources */,
				E1C033CC16691E75004738EF /* WTDistrictBuildingMap.plist in Resources */,
				E18821C51680059600A41F47 /* WTCornerBottomLeft.png in Resources */,
				E18821C61680059600A41F47 /* WTCornerBottomLeft@2x.png in Resources */,
				E18821C71680059600A41F47 /* WTCornerBottomRight.png in Resources */,
				E18821C81680059600A41F47 /* WTCornerBottomRight@2x.png in Resources */,
				E18821C91680059600A41F47 /* WTCornerTopLeft.png in Resources */,
				E18821CA1680059600A41F47 /* WTCornerTopLeft@2x.png in Resources */,
				E18821CB1680059600A41F47 /* WTCornerTopRight.png in Resources */,
				E18821CC1680059600A41F47 /* WTCornerTopRight@2x.png in Resources */,
				E18821F31680104700A41F47 /* WTNavigationBarBg.png in Resources */,
				E18821F41680104700A41F47 /* WTNavigationBarBg@2x.png in Resources */,
				E18821F51680104700A41F47 /* WTNavigationBarShadow.png in Resources */,
				E18821F61680104700A41F47 /* WTNavigationBarShadow@2x.png in Resources */,
				E18821F9168013AF00A41F47 /* WTNavigationBarLogo.png in Resources */,
				E18821FA168013AF00A41F47 /* WTNavigationBarLogo@2x.png in Resources */,
				E18821FF16801BF700A41F47 /* WTHomeViewController.xib in Resources */,
				E18822201680252A00A41F47 /* Localizable.strings in Resources */,
				E1882227168025E600A41F47 /* WTLoginViewController.xib in Resources */,
				E188222D1680288100A41F47 /* WTNormalButton.png in Resources */,
				E188222E1680288100A41F47 /* WTNormalButton@2x.png in Resources */,
				E188223816803E1400A41F47 /* WTInfoPanelBg.png in Resources */,
				E188223916803E1400A41F47 /* WTInfoPanelBg@2x.png in Resources */,
				E188223C1680461E00A41F47 /* WTInfoPanelDivier@2x.png in Resources */,
				E188223D1680461E00A41F47 /* WTInfoPanelDivier.png in Resources */,
				E14FA6781680A9F3008A8D33 /* WTFocusButton.png in Resources */,
				E14FA6791680A9F3008A8D33 /* WTSelectButton.png in Resources */,
				E14FA67A1680A9F3008A8D33 /* WTSelectButton@2x.png in Resources */,
				E14FA67B1680A9F3008A8D33 /* WTFocusButton@2x.png in Resources */,
				E14FA6871680BBDD008A8D33 /* WTNotificationNormalButton.png in Resources */,
				E14FA6881680BBDD008A8D33 /* WTNotificationNormalButton@2x.png in Resources */,
				E14FA6891680BBDD008A8D33 /* WTNotificationShineButton@2x.png in Resources */,
				E14FA68A1680BBDD008A8D33 /* WTNotificationShineButton.png in Resources */,
				E14FA68B1680BBDD008A8D33 /* WTNotificationSelectButton@2x.png in Resources */,
				E14FA68C1680BBDD008A8D33 /* WTNotificationSelectButton.png in Resources */,
				E14FA68F1680C546008A8D33 /* WTNotificationRing.png in Resources */,
				E14FA6901680C546008A8D33 /* WTNotificationRing@2x.png in Resources */,
				E14FA69A1680DEDB008A8D33 /* WTNotificationModalViewController.xib in Resources */,
				E14FA69D1680DF63008A8D33 /* WTModalViewBg.png in Resources */,
				E14FA69E1680DF63008A8D33 /* WTModalViewBg@2x.png in Resources */,
				E14FA6AA1681EBC5008A8D33 /* WTEventDetailViewController.xib in Resources */,
				E14FA6AD1681EC23008A8D33 /* WTNavigationBarBackButton.png in Resources */,
				E14FA6AE1681EC23008A8D33 /* WTNavigationBarBackButton@2x.png in Resources */,
				E14FA6B31681F7FC008A8D33 /* WTCommentButton.png in Resources */,
				E14FA6B41681F7FC008A8D33 /* WTMoreButton.png in Resources */,
				E14FA6B51681F7FC008A8D33 /* WTCommentButton@2x.png in Resources */,
				E14FA6B61681F7FC008A8D33 /* WTMoreButton@2x.png in Resources */,
				E14FA6BF16820012008A8D33 /* WTLikeNormalButton.png in Resources */,
				E14FA6C016820012008A8D33 /* WTLikeSelectButton.png in Resources */,
				E14FA6C116820012008A8D33 /* WTLikeNormalButton@2x.png in Resources */,
				E14FA6C216820012008A8D33 /* WTLikeSelectButton@2x.png in Resources */,
				E14FA6C516820287008A8D33 /* WTLikeButtonFlagBg.png in Resources */,
				E14FA6C616820287008A8D33 /* WTLikeButtonFlagBg@2x.png in Resources */,
				E1B892821690F4B1009D901C /* WTRootBackgroundUnit.png in Resources */,
				E1B892831690F4B1009D901C /* WTRootBackgroundUnit@2x.png in Resources */,
				E1B8928A16917D16009D901C /* WTTestBanner1.png in Resources */,
				E1B89294169181CB009D901C /* WTBottomShadow.png in Resources */,
				E1B89295169181CB009D901C /* WTBottomShadow@2x.png in Resources */,
				E1B89298169184E2009D901C /* WTTestBanner3.png in Resources */,
				E1B89299169184E2009D901C /* WTTestBanner2.png in Resources */,
				E1AEA9891691AFBC007DFA4C /* WTTopShadow.png in Resources */,
				E1AEA98A1691AFBC007DFA4C /* WTTopShadow@2x.png in Resources */,
				E1AEA98F1691B3BA007DFA4C /* WTLeftShadow.png in Resources */,
				E1AEA9901691B3BA007DFA4C /* WTLeftShadow@2x.png in Resources */,
				E1AEA9911691B3BA007DFA4C /* WTRightShadow.png in Resources */,
				E1AEA9921691B3BA007DFA4C /* WTRightShadow@2x.png in Resources */,
				E1D3737B1691D0370012E30A /* WTPanelMoreHighlightButton@2x.png in Resources */,
				E1D3737C1691D0370012E30A /* WTPanelMoreHighlightButton.png in Resources */,
				E1D3737F1691D09C0012E30A /* WTPanelMoreNormalButton.png in Resources */,
				E1D373801691D09C0012E30A /* WTPanelMoreNormalButton@2x.png in Resources */,
				E1D373931692ED2C0012E30A /* WTBannerView.xib in Resources */,
				E1D373981692F4EE0012E30A /* WTPanelHighlightButton.png in Resources */,
				E1D373991692F4EE0012E30A /* WTPanelHighlightButton@2x.png in Resources */,
				E1D3739A1692F4EE0012E30A /* WTPanelNormalButton.png in Resources */,
				E1D3739B1692F4EE0012E30A /* WTPanelNormalButton@2x.png in Resources */,
				E1D3739E1692F4FA0012E30A /* WTPanelShadow.png in Resources */,
				E1D3739F1692F4FA0012E30A /* WTPanelShadow@2x.png in Resources */,
				E1D373A1169333390012E30A /* WTBannerContainerView.xib in Resources */,
				E1D373A4169346F20012E30A /* WTPanelNowIcon.png in Resources */,
				E1D373A5169346F20012E30A /* WTPanelNowIcon@2x.png in Resources */,
			);
			runOnlyForDeploymentPostprocessing = 0;
		};
		E12554C116491531006D42F5 /* Resources */ = {
			isa = PBXResourcesBuildPhase;
			buildActionMask = 2147483647;
			files = (
				E12554D016491532006D42F5 /* InfoPlist.strings in Resources */,
			);
			runOnlyForDeploymentPostprocessing = 0;
		};
/* End PBXResourcesBuildPhase section */

/* Begin PBXShellScriptBuildPhase section */
		E12554C216491531006D42F5 /* ShellScript */ = {
			isa = PBXShellScriptBuildPhase;
			buildActionMask = 2147483647;
			files = (
			);
			inputPaths = (
			);
			outputPaths = (
			);
			runOnlyForDeploymentPostprocessing = 0;
			shellPath = /bin/sh;
			shellScript = "# Run the unit tests in this test bundle.\n\"${SYSTEM_DEVELOPER_DIR}/Tools/RunUnitTests\"\n";
		};
/* End PBXShellScriptBuildPhase section */

/* Begin PBXSourcesBuildPhase section */
		E125548B16491530006D42F5 /* Sources */ = {
			isa = PBXSourcesBuildPhase;
			buildActionMask = 2147483647;
			files = (
				E12554A016491530006D42F5 /* main.m in Sources */,
				E12554A416491530006D42F5 /* WTAppDelegate.m in Sources */,
				E1C53DD216523DCE0011C8A1 /* WTSearchViewController.m in Sources */,
				E18821D1168007B800A41F47 /* UIView+Resize.m in Sources */,
				E18821D816800BF200A41F47 /* WTTabBarController.m in Sources */,
				E18821EA16800E9B00A41F47 /* WTNavigationController.m in Sources */,
				E18821ED16800EC300A41F47 /* WTHomeNavigationController.m in Sources */,
				E18821FE16801BF700A41F47 /* WTHomeViewController.m in Sources */,
				E1882226168025E600A41F47 /* WTLoginViewController.m in Sources */,
				E188222A1680271A00A41F47 /* UIApplication+Addition.m in Sources */,
				E188223116802AD700A41F47 /* WTResourceFactory.m in Sources */,
				E14FA6801680B9DE008A8D33 /* WTNotificationBarButton.m in Sources */,
				E14FA6991680DEDB008A8D33 /* WTNotificationModalViewController.m in Sources */,
				E14FA6A11680E067008A8D33 /* UIImage+ScreenShoot.m in Sources */,
				E14FA6A91681EBC5008A8D33 /* WTEventDetailViewController.m in Sources */,
				E1D373911692ECE10012E30A /* WTBannerView.m in Sources */,
			);
			runOnlyForDeploymentPostprocessing = 0;
		};
		E12554BF16491531006D42F5 /* Sources */ = {
			isa = PBXSourcesBuildPhase;
			buildActionMask = 2147483647;
			files = (
				E12554D316491532006D42F5 /* WeTongjiTests.m in Sources */,
			);
			runOnlyForDeploymentPostprocessing = 0;
		};
/* End PBXSourcesBuildPhase section */

/* Begin PBXTargetDependency section */
		E12554CA16491532006D42F5 /* PBXTargetDependency */ = {
			isa = PBXTargetDependency;
			target = E125548E16491530006D42F5 /* WeTongji */;
			targetProxy = E12554C916491532006D42F5 /* PBXContainerItemProxy */;
		};
/* End PBXTargetDependency section */

/* Begin PBXVariantGroup section */
		E125549C16491530006D42F5 /* InfoPlist.strings */ = {
			isa = PBXVariantGroup;
			children = (
				E125549D16491530006D42F5 /* en */,
				E18822151680230B00A41F47 /* zh-Hans */,
				E14FA6C8168203FE008A8D33 /* de */,
			);
			name = InfoPlist.strings;
			sourceTree = "<group>";
		};
		E12554CE16491532006D42F5 /* InfoPlist.strings */ = {
			isa = PBXVariantGroup;
			children = (
				E12554CF16491532006D42F5 /* en */,
				E18822161680230B00A41F47 /* zh-Hans */,
				E14FA6C9168203FE008A8D33 /* de */,
			);
			name = InfoPlist.strings;
			sourceTree = "<group>";
		};
		E188221E1680252A00A41F47 /* Localizable.strings */ = {
			isa = PBXVariantGroup;
			children = (
				E188221F1680252A00A41F47 /* en */,
				E18822211680253600A41F47 /* zh-Hans */,
				E14FA6C7168203FE008A8D33 /* de */,
			);
			name = Localizable.strings;
			sourceTree = "<group>";
		};
/* End PBXVariantGroup section */

/* Begin XCBuildConfiguration section */
		E12554D416491532006D42F5 /* Debug */ = {
			isa = XCBuildConfiguration;
			buildSettings = {
				ALWAYS_SEARCH_USER_PATHS = NO;
				CLANG_CXX_LANGUAGE_STANDARD = "gnu++0x";
				CLANG_CXX_LIBRARY = "libc++";
				CLANG_ENABLE_OBJC_ARC = YES;
				CLANG_WARN_EMPTY_BODY = YES;
				CLANG_WARN__DUPLICATE_METHOD_MATCH = YES;
				"CODE_SIGN_IDENTITY[sdk=iphoneos*]" = "iPhone Developer";
				COPY_PHASE_STRIP = NO;
				GCC_C_LANGUAGE_STANDARD = gnu99;
				GCC_DYNAMIC_NO_PIC = NO;
				GCC_OPTIMIZATION_LEVEL = 0;
				GCC_PREPROCESSOR_DEFINITIONS = (
					"DEBUG=1",
					"$(inherited)",
				);
				GCC_SYMBOLS_PRIVATE_EXTERN = NO;
				GCC_WARN_ABOUT_RETURN_TYPE = YES;
				GCC_WARN_UNINITIALIZED_AUTOS = YES;
				GCC_WARN_UNUSED_VARIABLE = YES;
				IPHONEOS_DEPLOYMENT_TARGET = 5.0;
				ONLY_ACTIVE_ARCH = YES;
				OTHER_LDFLAGS = (
					"-framework",
					WeTongjiSDK,
					"-Objc",
				);
				SDKROOT = iphoneos;
			};
			name = Debug;
		};
		E12554D516491532006D42F5 /* Release */ = {
			isa = XCBuildConfiguration;
			buildSettings = {
				ALWAYS_SEARCH_USER_PATHS = NO;
				CLANG_CXX_LANGUAGE_STANDARD = "gnu++0x";
				CLANG_CXX_LIBRARY = "libc++";
				CLANG_ENABLE_OBJC_ARC = YES;
				CLANG_WARN_EMPTY_BODY = YES;
				CLANG_WARN__DUPLICATE_METHOD_MATCH = YES;
				"CODE_SIGN_IDENTITY[sdk=iphoneos*]" = "iPhone Developer";
				COPY_PHASE_STRIP = YES;
				GCC_C_LANGUAGE_STANDARD = gnu99;
				GCC_WARN_ABOUT_RETURN_TYPE = YES;
				GCC_WARN_UNINITIALIZED_AUTOS = YES;
				GCC_WARN_UNUSED_VARIABLE = YES;
				IPHONEOS_DEPLOYMENT_TARGET = 5.0;
				OTHER_CFLAGS = "-DNS_BLOCK_ASSERTIONS=1";
				OTHER_LDFLAGS = (
					"-framework",
					WeTongjiSDK,
					"-Objc",
				);
				SDKROOT = iphoneos;
				VALIDATE_PRODUCT = YES;
			};
			name = Release;
		};
		E12554D716491532006D42F5 /* Debug */ = {
			isa = XCBuildConfiguration;
			buildSettings = {
				FRAMEWORK_SEARCH_PATHS = "";
				GCC_PRECOMPILE_PREFIX_HEADER = YES;
				GCC_PREFIX_HEADER = "WeTongji/WeTongji-Prefix.pch";
				HEADER_SEARCH_PATHS = "../WeTongjiSDK/**";
				INFOPLIST_FILE = "WeTongji/WeTongji-Info.plist";
				IPHONEOS_DEPLOYMENT_TARGET = 5.0;
				LIBRARY_SEARCH_PATHS = (
					"$(inherited)",
					"\"$(SRCROOT)/../../Library/Developer/Xcode/DerivedData/WeTongji-haxzmecxsluyiegvzukrqyecviwx/Build/Products/Debug-iphoneos\"",
				);
				OTHER_LDFLAGS = (
					"-framework",
					WeTongjiSDK,
					"-Objc",
					"-all_load",
				);
				PRODUCT_NAME = "$(TARGET_NAME)";
				USER_HEADER_SEARCH_PATHS = "../OHAttributedLabel/OHAttributedLabel/**";
				WRAPPER_EXTENSION = app;
			};
			name = Debug;
		};
		E12554D816491532006D42F5 /* Release */ = {
			isa = XCBuildConfiguration;
			buildSettings = {
				FRAMEWORK_SEARCH_PATHS = "";
				GCC_PRECOMPILE_PREFIX_HEADER = YES;
				GCC_PREFIX_HEADER = "WeTongji/WeTongji-Prefix.pch";
				HEADER_SEARCH_PATHS = "../WeTongjiSDK/**";
				INFOPLIST_FILE = "WeTongji/WeTongji-Info.plist";
				IPHONEOS_DEPLOYMENT_TARGET = 5.0;
				LIBRARY_SEARCH_PATHS = (
					"$(inherited)",
					"\"$(SRCROOT)/../../Library/Developer/Xcode/DerivedData/WeTongji-haxzmecxsluyiegvzukrqyecviwx/Build/Products/Debug-iphoneos\"",
				);
				OTHER_LDFLAGS = (
					"-framework",
					WeTongjiSDK,
					"-Objc",
					"-all_load",
				);
				PRODUCT_NAME = "$(TARGET_NAME)";
				USER_HEADER_SEARCH_PATHS = "../OHAttributedLabel/OHAttributedLabel/**";
				WRAPPER_EXTENSION = app;
			};
			name = Release;
		};
		E12554DA16491532006D42F5 /* Debug */ = {
			isa = XCBuildConfiguration;
			buildSettings = {
				BUNDLE_LOADER = "$(BUILT_PRODUCTS_DIR)/WeTongji.app/WeTongji";
				FRAMEWORK_SEARCH_PATHS = (
					"\"$(SDKROOT)/Developer/Library/Frameworks\"",
					"\"$(DEVELOPER_LIBRARY_DIR)/Frameworks\"",
				);
				GCC_PRECOMPILE_PREFIX_HEADER = YES;
				GCC_PREFIX_HEADER = "WeTongji/WeTongji-Prefix.pch";
				INFOPLIST_FILE = "WeTongjiTests/WeTongjiTests-Info.plist";
				PRODUCT_NAME = "$(TARGET_NAME)";
				TEST_HOST = "$(BUNDLE_LOADER)";
				WRAPPER_EXTENSION = octest;
			};
			name = Debug;
		};
		E12554DB16491532006D42F5 /* Release */ = {
			isa = XCBuildConfiguration;
			buildSettings = {
				BUNDLE_LOADER = "$(BUILT_PRODUCTS_DIR)/WeTongji.app/WeTongji";
				FRAMEWORK_SEARCH_PATHS = (
					"\"$(SDKROOT)/Developer/Library/Frameworks\"",
					"\"$(DEVELOPER_LIBRARY_DIR)/Frameworks\"",
				);
				GCC_PRECOMPILE_PREFIX_HEADER = YES;
				GCC_PREFIX_HEADER = "WeTongji/WeTongji-Prefix.pch";
				INFOPLIST_FILE = "WeTongjiTests/WeTongjiTests-Info.plist";
				PRODUCT_NAME = "$(TARGET_NAME)";
				TEST_HOST = "$(BUNDLE_LOADER)";
				WRAPPER_EXTENSION = octest;
			};
			name = Release;
		};
/* End XCBuildConfiguration section */

/* Begin XCConfigurationList section */
		E125548916491530006D42F5 /* Build configuration list for PBXProject "WeTongji" */ = {
			isa = XCConfigurationList;
			buildConfigurations = (
				E12554D416491532006D42F5 /* Debug */,
				E12554D516491532006D42F5 /* Release */,
			);
			defaultConfigurationIsVisible = 0;
			defaultConfigurationName = Release;
		};
		E12554D616491532006D42F5 /* Build configuration list for PBXNativeTarget "WeTongji" */ = {
			isa = XCConfigurationList;
			buildConfigurations = (
				E12554D716491532006D42F5 /* Debug */,
				E12554D816491532006D42F5 /* Release */,
			);
			defaultConfigurationIsVisible = 0;
			defaultConfigurationName = Release;
		};
		E12554D916491532006D42F5 /* Build configuration list for PBXNativeTarget "WeTongjiTests" */ = {
			isa = XCConfigurationList;
			buildConfigurations = (
				E12554DA16491532006D42F5 /* Debug */,
				E12554DB16491532006D42F5 /* Release */,
			);
			defaultConfigurationIsVisible = 0;
			defaultConfigurationName = Release;
		};
/* End XCConfigurationList section */
	};
	rootObject = E125548616491530006D42F5 /* Project object */;
}
